// !$*UTF8*$!
{
	archiveVersion = 1;
	classes = {
	};
	objectVersion = 50;
	objects = {

/* Begin PBXBuildFile section */
		3D03D63B20B69B17006F6F75 /* LTBaseLocalHTMLWebViewController.m in Sources */ = {isa = PBXBuildFile; fileRef = 3D03D63A20B69B17006F6F75 /* LTBaseLocalHTMLWebViewController.m */; };
		3D03D64420B80C27006F6F75 /* UINavigationBar+Awesome.m in Sources */ = {isa = PBXBuildFile; fileRef = 3D03D64320B80C26006F6F75 /* UINavigationBar+Awesome.m */; };
		3D20AC3F20B3B04200BDE45D /* JavaScriptCore.framework in Frameworks */ = {isa = PBXBuildFile; fileRef = 3D20AC3D20B2C83800BDE45D /* JavaScriptCore.framework */; };
		3D20AC4320B3B0EC00BDE45D /* LTBaseWebViewController.m in Sources */ = {isa = PBXBuildFile; fileRef = 3D20AC4220B3B0EC00BDE45D /* LTBaseWebViewController.m */; };
		3D2E14B721087EA7003B3122 /* LTRequestHeaderModel.m in Sources */ = {isa = PBXBuildFile; fileRef = 3D2E14B621087EA7003B3122 /* LTRequestHeaderModel.m */; };
		3D48666220B1AAC5002BACA8 /* NSString+Hash.m in Sources */ = {isa = PBXBuildFile; fileRef = 3D48666020B1AAC4002BACA8 /* NSString+Hash.m */; };
		3D48666320B1AAC5002BACA8 /* LTEncryptorTools.m in Sources */ = {isa = PBXBuildFile; fileRef = 3D48666120B1AAC4002BACA8 /* LTEncryptorTools.m */; };
		3D48667320B1AE0F002BACA8 /* LTDevice.m in Sources */ = {isa = PBXBuildFile; fileRef = 3D48666720B1AE0F002BACA8 /* LTDevice.m */; };
		3D48667B20B1B1B7002BACA8 /* LTUserManager.m in Sources */ = {isa = PBXBuildFile; fileRef = 3D48667A20B1B1B7002BACA8 /* LTUserManager.m */; };
		3D48667E20B1B1C5002BACA8 /* LTUser.m in Sources */ = {isa = PBXBuildFile; fileRef = 3D48667D20B1B1C5002BACA8 /* LTUser.m */; };
		3D48668120B1B34D002BACA8 /* LTSandboxTool.m in Sources */ = {isa = PBXBuildFile; fileRef = 3D48668020B1B34D002BACA8 /* LTSandboxTool.m */; };
		3D4A2F9C21A2585A00817536 /* LTLocalizations.m in Sources */ = {isa = PBXBuildFile; fileRef = 3D4A2F9B21A2585A00817536 /* LTLocalizations.m */; };
		3D4A2F9F21A2640600817536 /* LTLanguageSettingViewController.m in Sources */ = {isa = PBXBuildFile; fileRef = 3D4A2F9E21A2640600817536 /* LTLanguageSettingViewController.m */; };
		3D4A2FA321A2DF3900817536 /* LTLanguageTableViewCell.m in Sources */ = {isa = PBXBuildFile; fileRef = 3D4A2FA221A2DF3900817536 /* LTLanguageTableViewCell.m */; };
		3D50913F20C6790F00A21655 /* PrivacyPermission.m in Sources */ = {isa = PBXBuildFile; fileRef = 3D50913D20C6790F00A21655 /* PrivacyPermission.m */; };
		3D67930D213E23160017891D /* LTFirstViewController.m in Sources */ = {isa = PBXBuildFile; fileRef = 3D67930C213E23160017891D /* LTFirstViewController.m */; };
		3DACBB30219EAD610077E262 /* LTLoginViewController.m in Sources */ = {isa = PBXBuildFile; fileRef = 3DACBB2F219EAD610077E262 /* LTLoginViewController.m */; };
		3DB0BB61214117EF00EA1B6E /* InfoPlist.strings in Resources */ = {isa = PBXBuildFile; fileRef = 3DB0BB63214117EF00EA1B6E /* InfoPlist.strings */; };
		3DB0BB6721411A1700EA1B6E /* Localizable.strings in Resources */ = {isa = PBXBuildFile; fileRef = 3DB0BB6921411A1700EA1B6E /* Localizable.strings */; };
		3DBD184B21CCD36400E98730 /* LTWKWebView.m in Sources */ = {isa = PBXBuildFile; fileRef = 3DBD184A21CCD36400E98730 /* LTWKWebView.m */; };
		3DCC9F1320B006EF00CD476A /* AppDelegate.m in Sources */ = {isa = PBXBuildFile; fileRef = 3DCC9F1220B006EF00CD476A /* AppDelegate.m */; };
		3DCC9F1B20B006F100CD476A /* Assets.xcassets in Resources */ = {isa = PBXBuildFile; fileRef = 3DCC9F1A20B006F100CD476A /* Assets.xcassets */; };
		3DCC9F2120B006F100CD476A /* main.m in Sources */ = {isa = PBXBuildFile; fileRef = 3DCC9F2020B006F100CD476A /* main.m */; };
		3DCC9F2B20B006F100CD476A /* UniversalAppTests.m in Sources */ = {isa = PBXBuildFile; fileRef = 3DCC9F2A20B006F100CD476A /* UniversalAppTests.m */; };
		3DCC9F3620B006F100CD476A /* UniversalAppUITests.m in Sources */ = {isa = PBXBuildFile; fileRef = 3DCC9F3520B006F100CD476A /* UniversalAppUITests.m */; };
		3DCC9F4A20B018F900CD476A /* AppDelegate+AppService.m in Sources */ = {isa = PBXBuildFile; fileRef = 3DCC9F4920B018F900CD476A /* AppDelegate+AppService.m */; };
		3DCC9F4E20B019F100CD476A /* YYFPSLabel.m in Sources */ = {isa = PBXBuildFile; fileRef = 3DCC9F4D20B019F100CD476A /* YYFPSLabel.m */; };
		3DCC9F7120B02D4500CD476A /* LTTabBarControllerConfig.m in Sources */ = {isa = PBXBuildFile; fileRef = 3DCC9F7020B02D4500CD476A /* LTTabBarControllerConfig.m */; };
		3DCC9F7520B02E0A00CD476A /* LTNavigationController.m in Sources */ = {isa = PBXBuildFile; fileRef = 3DCC9F7420B02E0A00CD476A /* LTNavigationController.m */; };
		3DDDBEC621941CCF004D68F6 /* LTExampleCode.m in Sources */ = {isa = PBXBuildFile; fileRef = 3DDDBEC521941CCF004D68F6 /* LTExampleCode.m */; };
		3DE5B31A20B047CF009719D0 /* LTNetworkTools.m in Sources */ = {isa = PBXBuildFile; fileRef = 3DCC9F7C20B0318C00CD476A /* LTNetworkTools.m */; };
		3DE5B32420B11EBE009719D0 /* LTBaseRequest.m in Sources */ = {isa = PBXBuildFile; fileRef = 3DE5B32320B11EBE009719D0 /* LTBaseRequest.m */; };
		3DEE10B320EB05C0002C597D /* libOpenInstallSDK.a in Frameworks */ = {isa = PBXBuildFile; fileRef = 3DEE10B020EB05C0002C597D /* libOpenInstallSDK.a */; };
		3DFE3E7020EA531500A8832C /* AppDelegate+UMengAnalytics.m in Sources */ = {isa = PBXBuildFile; fileRef = 3DFE3E6F20EA531500A8832C /* AppDelegate+UMengAnalytics.m */; };
		3DFE3E7320EA532500A8832C /* AppDelegate+OpenInstallSDK.m in Sources */ = {isa = PBXBuildFile; fileRef = 3DFE3E7220EA532500A8832C /* AppDelegate+OpenInstallSDK.m */; };
		3DFE3E7620EA533300A8832C /* AppDelegate+JPush.m in Sources */ = {isa = PBXBuildFile; fileRef = 3DFE3E7520EA533300A8832C /* AppDelegate+JPush.m */; };
		7B06541542D17252DD1BA4D2 /* libPods-UniversalAppUITests.a in Frameworks */ = {isa = PBXBuildFile; fileRef = 32D3A5DAA64B035CDF219C8B /* libPods-UniversalAppUITests.a */; };
		A035615521C3859C00DAAEE1 /* LTListTableViewController.m in Sources */ = {isa = PBXBuildFile; fileRef = A035615421C3859C00DAAEE1 /* LTListTableViewController.m */; };
		A035615821C3F6FD00DAAEE1 /* LTObjcViewController.m in Sources */ = {isa = PBXBuildFile; fileRef = A035615721C3F6FD00DAAEE1 /* LTObjcViewController.m */; };
		A035615B21C3F76400DAAEE1 /* LTMultiThreadExample.m in Sources */ = {isa = PBXBuildFile; fileRef = A035615A21C3F76400DAAEE1 /* LTMultiThreadExample.m */; };
		A035615F21C3F8B400DAAEE1 /* LTBlockExample.m in Sources */ = {isa = PBXBuildFile; fileRef = A035615E21C3F8B400DAAEE1 /* LTBlockExample.m */; };
		A073C2F9224A3F7B00B685A1 /* UIImage+LTAdd.m in Sources */ = {isa = PBXBuildFile; fileRef = A073C2D1224A3F7900B685A1 /* UIImage+LTAdd.m */; };
		A073C2FA224A3F7B00B685A1 /* UITableViewCell+LTAdd.m in Sources */ = {isa = PBXBuildFile; fileRef = A073C2D2224A3F7900B685A1 /* UITableViewCell+LTAdd.m */; };
		A073C2FB224A3F7B00B685A1 /* UIViewController+LTAdd.m in Sources */ = {isa = PBXBuildFile; fileRef = A073C2D3224A3F7900B685A1 /* UIViewController+LTAdd.m */; };
		A073C2FC224A3F7B00B685A1 /* UIButton+LTAdd.m in Sources */ = {isa = PBXBuildFile; fileRef = A073C2D9224A3F7900B685A1 /* UIButton+LTAdd.m */; };
		A073C2FD224A3F7B00B685A1 /* UITextView+LTAdd.m in Sources */ = {isa = PBXBuildFile; fileRef = A073C2DB224A3F7900B685A1 /* UITextView+LTAdd.m */; };
		A073C2FE224A3F7B00B685A1 /* UIScrollView+LTRefresh.m in Sources */ = {isa = PBXBuildFile; fileRef = A073C2DD224A3F7900B685A1 /* UIScrollView+LTRefresh.m */; };
		A073C2FF224A3F7B00B685A1 /* UIApplication+LTAdd.m in Sources */ = {isa = PBXBuildFile; fileRef = A073C2DE224A3F7900B685A1 /* UIApplication+LTAdd.m */; };
		A073C300224A3F7B00B685A1 /* UITableView+LTAdd.m in Sources */ = {isa = PBXBuildFile; fileRef = A073C2E1224A3F7900B685A1 /* UITableView+LTAdd.m */; };
		A073C301224A3F7B00B685A1 /* UIBarButtonItem+LTAdd.m in Sources */ = {isa = PBXBuildFile; fileRef = A073C2E3224A3F7900B685A1 /* UIBarButtonItem+LTAdd.m */; };
		A073C302224A3F7B00B685A1 /* UIView+LTAdd.m in Sources */ = {isa = PBXBuildFile; fileRef = A073C2E4224A3F7900B685A1 /* UIView+LTAdd.m */; };
		A073C303224A3F7B00B685A1 /* UINavigationBar+LTAdd.m in Sources */ = {isa = PBXBuildFile; fileRef = A073C2E5224A3F7900B685A1 /* UINavigationBar+LTAdd.m */; };
		A073C304224A3F7B00B685A1 /* UINavigationController+LTAdd.m in Sources */ = {isa = PBXBuildFile; fileRef = A073C2E6224A3F7900B685A1 /* UINavigationController+LTAdd.m */; };
		A073C305224A3F7B00B685A1 /* UIWindow+LTAdd.m in Sources */ = {isa = PBXBuildFile; fileRef = A073C2E8224A3F7900B685A1 /* UIWindow+LTAdd.m */; };
		A073C306224A3F7B00B685A1 /* UIColor+LTAdd.m in Sources */ = {isa = PBXBuildFile; fileRef = A073C2EB224A3F7900B685A1 /* UIColor+LTAdd.m */; };
		A073C307224A3F7B00B685A1 /* NSString+LTAdd.m in Sources */ = {isa = PBXBuildFile; fileRef = A073C2ED224A3F7900B685A1 /* NSString+LTAdd.m */; };
		A073C308224A3F7B00B685A1 /* NSDictionary+LTAdd.m in Sources */ = {isa = PBXBuildFile; fileRef = A073C2EF224A3F7900B685A1 /* NSDictionary+LTAdd.m */; };
		A073C309224A3F7B00B685A1 /* NSObject+LTAdd.m in Sources */ = {isa = PBXBuildFile; fileRef = A073C2F2224A3F7A00B685A1 /* NSObject+LTAdd.m */; };
		A073C30A224A3F7B00B685A1 /* NSArray+LTAdd.m in Sources */ = {isa = PBXBuildFile; fileRef = A073C2F4224A3F7A00B685A1 /* NSArray+LTAdd.m */; };
		A073C30B224A3F7B00B685A1 /* CAGradientLayer+LTAdd.m in Sources */ = {isa = PBXBuildFile; fileRef = A073C2F7224A3F7A00B685A1 /* CAGradientLayer+LTAdd.m */; };
		A0C2CFB32254A31F00190314 /* NSURL+LTAdd.m in Sources */ = {isa = PBXBuildFile; fileRef = A0C2CFB22254A31F00190314 /* NSURL+LTAdd.m */; };
		E263541D9C33F5DD3886B5D4 /* libPods-UniversalApp.a in Frameworks */ = {isa = PBXBuildFile; fileRef = 4368C7EFF5E69A4A8EB7DFA6 /* libPods-UniversalApp.a */; };
		FB553A15234B274C38B6CE91 /* libPods-UniversalAppTests.a in Frameworks */ = {isa = PBXBuildFile; fileRef = 0296C350224E490362599AB1 /* libPods-UniversalAppTests.a */; };
/* End PBXBuildFile section */

/* Begin PBXContainerItemProxy section */
		3DCC9F2720B006F100CD476A /* PBXContainerItemProxy */ = {
			isa = PBXContainerItemProxy;
			containerPortal = 3DCC9F0620B006EF00CD476A /* Project object */;
			proxyType = 1;
			remoteGlobalIDString = 3DCC9F0D20B006EF00CD476A;
			remoteInfo = UniversalApp;
		};
		3DCC9F3220B006F100CD476A /* PBXContainerItemProxy */ = {
			isa = PBXContainerItemProxy;
			containerPortal = 3DCC9F0620B006EF00CD476A /* Project object */;
			proxyType = 1;
			remoteGlobalIDString = 3DCC9F0D20B006EF00CD476A;
			remoteInfo = UniversalApp;
		};
/* End PBXContainerItemProxy section */

/* Begin PBXFileReference section */
		0296C350224E490362599AB1 /* libPods-UniversalAppTests.a */ = {isa = PBXFileReference; explicitFileType = archive.ar; includeInIndex = 0; path = "libPods-UniversalAppTests.a"; sourceTree = BUILT_PRODUCTS_DIR; };
		0FFF6491D2C97F0626182451 /* Pods-UniversalAppTests.uat.xcconfig */ = {isa = PBXFileReference; includeInIndex = 1; lastKnownFileType = text.xcconfig; name = "Pods-UniversalAppTests.uat.xcconfig"; path = "Pods/Target Support Files/Pods-UniversalAppTests/Pods-UniversalAppTests.uat.xcconfig"; sourceTree = "<group>"; };
		1324858852C8C17130C67907 /* Pods-UniversalAppTests.release.xcconfig */ = {isa = PBXFileReference; includeInIndex = 1; lastKnownFileType = text.xcconfig; name = "Pods-UniversalAppTests.release.xcconfig"; path = "Pods/Target Support Files/Pods-UniversalAppTests/Pods-UniversalAppTests.release.xcconfig"; sourceTree = "<group>"; };
		16EC4528C8638410706F403E /* Pods-UniversalApp.sit.xcconfig */ = {isa = PBXFileReference; includeInIndex = 1; lastKnownFileType = text.xcconfig; name = "Pods-UniversalApp.sit.xcconfig"; path = "Pods/Target Support Files/Pods-UniversalApp/Pods-UniversalApp.sit.xcconfig"; sourceTree = "<group>"; };
		1EE9DEC4E119EB53B93D5546 /* Pods-UniversalApp.release.xcconfig */ = {isa = PBXFileReference; includeInIndex = 1; lastKnownFileType = text.xcconfig; name = "Pods-UniversalApp.release.xcconfig"; path = "Pods/Target Support Files/Pods-UniversalApp/Pods-UniversalApp.release.xcconfig"; sourceTree = "<group>"; };
		2F058948BB2F8ED19C0F9497 /* Pods-UniversalAppUITests.uat.xcconfig */ = {isa = PBXFileReference; includeInIndex = 1; lastKnownFileType = text.xcconfig; name = "Pods-UniversalAppUITests.uat.xcconfig"; path = "Pods/Target Support Files/Pods-UniversalAppUITests/Pods-UniversalAppUITests.uat.xcconfig"; sourceTree = "<group>"; };
		31F8371F68896A3FC493131D /* Pods-UniversalApp.uat.xcconfig */ = {isa = PBXFileReference; includeInIndex = 1; lastKnownFileType = text.xcconfig; name = "Pods-UniversalApp.uat.xcconfig"; path = "Pods/Target Support Files/Pods-UniversalApp/Pods-UniversalApp.uat.xcconfig"; sourceTree = "<group>"; };
		32D3A5DAA64B035CDF219C8B /* libPods-UniversalAppUITests.a */ = {isa = PBXFileReference; explicitFileType = archive.ar; includeInIndex = 0; path = "libPods-UniversalAppUITests.a"; sourceTree = BUILT_PRODUCTS_DIR; };
		3D03D63920B69B17006F6F75 /* LTBaseLocalHTMLWebViewController.h */ = {isa = PBXFileReference; lastKnownFileType = sourcecode.c.h; path = LTBaseLocalHTMLWebViewController.h; sourceTree = "<group>"; };
		3D03D63A20B69B17006F6F75 /* LTBaseLocalHTMLWebViewController.m */ = {isa = PBXFileReference; lastKnownFileType = sourcecode.c.objc; path = LTBaseLocalHTMLWebViewController.m; sourceTree = "<group>"; };
		3D03D64220B80C26006F6F75 /* UINavigationBar+Awesome.h */ = {isa = PBXFileReference; fileEncoding = 4; lastKnownFileType = sourcecode.c.h; path = "UINavigationBar+Awesome.h"; sourceTree = "<group>"; };
		3D03D64320B80C26006F6F75 /* UINavigationBar+Awesome.m */ = {isa = PBXFileReference; fileEncoding = 4; lastKnownFileType = sourcecode.c.objc; path = "UINavigationBar+Awesome.m"; sourceTree = "<group>"; };
		3D20AC3D20B2C83800BDE45D /* JavaScriptCore.framework */ = {isa = PBXFileReference; lastKnownFileType = wrapper.framework; name = JavaScriptCore.framework; path = System/Library/Frameworks/JavaScriptCore.framework; sourceTree = SDKROOT; };
		3D20AC4120B3B0EC00BDE45D /* LTBaseWebViewController.h */ = {isa = PBXFileReference; lastKnownFileType = sourcecode.c.h; path = LTBaseWebViewController.h; sourceTree = "<group>"; };
		3D20AC4220B3B0EC00BDE45D /* LTBaseWebViewController.m */ = {isa = PBXFileReference; lastKnownFileType = sourcecode.c.objc; path = LTBaseWebViewController.m; sourceTree = "<group>"; };
		3D2E14B521087EA7003B3122 /* LTRequestHeaderModel.h */ = {isa = PBXFileReference; lastKnownFileType = sourcecode.c.h; path = LTRequestHeaderModel.h; sourceTree = "<group>"; };
		3D2E14B621087EA7003B3122 /* LTRequestHeaderModel.m */ = {isa = PBXFileReference; lastKnownFileType = sourcecode.c.objc; path = LTRequestHeaderModel.m; sourceTree = "<group>"; };
		3D48665E20B1AAC4002BACA8 /* NSString+Hash.h */ = {isa = PBXFileReference; fileEncoding = 4; lastKnownFileType = sourcecode.c.h; path = "NSString+Hash.h"; sourceTree = "<group>"; };
		3D48665F20B1AAC4002BACA8 /* LTEncryptorTools.h */ = {isa = PBXFileReference; fileEncoding = 4; lastKnownFileType = sourcecode.c.h; path = LTEncryptorTools.h; sourceTree = "<group>"; };
		3D48666020B1AAC4002BACA8 /* NSString+Hash.m */ = {isa = PBXFileReference; fileEncoding = 4; lastKnownFileType = sourcecode.c.objc; path = "NSString+Hash.m"; sourceTree = "<group>"; };
		3D48666120B1AAC4002BACA8 /* LTEncryptorTools.m */ = {isa = PBXFileReference; fileEncoding = 4; lastKnownFileType = sourcecode.c.objc; path = LTEncryptorTools.m; sourceTree = "<group>"; };
		3D48666720B1AE0F002BACA8 /* LTDevice.m */ = {isa = PBXFileReference; fileEncoding = 4; lastKnownFileType = sourcecode.c.objc; path = LTDevice.m; sourceTree = "<group>"; };
		3D48666E20B1AE0F002BACA8 /* LTDevice.h */ = {isa = PBXFileReference; fileEncoding = 4; lastKnownFileType = sourcecode.c.h; path = LTDevice.h; sourceTree = "<group>"; };
		3D48667920B1B1B7002BACA8 /* LTUserManager.h */ = {isa = PBXFileReference; lastKnownFileType = sourcecode.c.h; path = LTUserManager.h; sourceTree = "<group>"; };
		3D48667A20B1B1B7002BACA8 /* LTUserManager.m */ = {isa = PBXFileReference; lastKnownFileType = sourcecode.c.objc; path = LTUserManager.m; sourceTree = "<group>"; };
		3D48667C20B1B1C5002BACA8 /* LTUser.h */ = {isa = PBXFileReference; lastKnownFileType = sourcecode.c.h; path = LTUser.h; sourceTree = "<group>"; };
		3D48667D20B1B1C5002BACA8 /* LTUser.m */ = {isa = PBXFileReference; lastKnownFileType = sourcecode.c.objc; path = LTUser.m; sourceTree = "<group>"; };
		3D48667F20B1B34C002BACA8 /* LTSandboxTool.h */ = {isa = PBXFileReference; fileEncoding = 4; lastKnownFileType = sourcecode.c.h; path = LTSandboxTool.h; sourceTree = "<group>"; };
		3D48668020B1B34D002BACA8 /* LTSandboxTool.m */ = {isa = PBXFileReference; fileEncoding = 4; lastKnownFileType = sourcecode.c.objc; path = LTSandboxTool.m; sourceTree = "<group>"; };
		3D4A2F9A21A2585A00817536 /* LTLocalizations.h */ = {isa = PBXFileReference; lastKnownFileType = sourcecode.c.h; path = LTLocalizations.h; sourceTree = "<group>"; };
		3D4A2F9B21A2585A00817536 /* LTLocalizations.m */ = {isa = PBXFileReference; lastKnownFileType = sourcecode.c.objc; path = LTLocalizations.m; sourceTree = "<group>"; };
		3D4A2F9D21A2640600817536 /* LTLanguageSettingViewController.h */ = {isa = PBXFileReference; lastKnownFileType = sourcecode.c.h; path = LTLanguageSettingViewController.h; sourceTree = "<group>"; };
		3D4A2F9E21A2640600817536 /* LTLanguageSettingViewController.m */ = {isa = PBXFileReference; lastKnownFileType = sourcecode.c.objc; path = LTLanguageSettingViewController.m; sourceTree = "<group>"; };
		3D4A2FA121A2DF3900817536 /* LTLanguageTableViewCell.h */ = {isa = PBXFileReference; lastKnownFileType = sourcecode.c.h; path = LTLanguageTableViewCell.h; sourceTree = "<group>"; };
		3D4A2FA221A2DF3900817536 /* LTLanguageTableViewCell.m */ = {isa = PBXFileReference; lastKnownFileType = sourcecode.c.objc; path = LTLanguageTableViewCell.m; sourceTree = "<group>"; };
		3D50913D20C6790F00A21655 /* PrivacyPermission.m */ = {isa = PBXFileReference; fileEncoding = 4; lastKnownFileType = sourcecode.c.objc; path = PrivacyPermission.m; sourceTree = "<group>"; };
		3D50913E20C6790F00A21655 /* PrivacyPermission.h */ = {isa = PBXFileReference; fileEncoding = 4; lastKnownFileType = sourcecode.c.h; path = PrivacyPermission.h; sourceTree = "<group>"; };
		3D67930B213E23160017891D /* LTFirstViewController.h */ = {isa = PBXFileReference; fileEncoding = 4; lastKnownFileType = sourcecode.c.h; path = LTFirstViewController.h; sourceTree = "<group>"; };
		3D67930C213E23160017891D /* LTFirstViewController.m */ = {isa = PBXFileReference; fileEncoding = 4; lastKnownFileType = sourcecode.c.objc; path = LTFirstViewController.m; sourceTree = "<group>"; };
		3D6C03E5217441F000FB9672 /* ApplicationConfig.h */ = {isa = PBXFileReference; lastKnownFileType = sourcecode.c.h; path = ApplicationConfig.h; sourceTree = "<group>"; };
		3DACBB2E219EAD610077E262 /* LTLoginViewController.h */ = {isa = PBXFileReference; lastKnownFileType = sourcecode.c.h; path = LTLoginViewController.h; sourceTree = "<group>"; };
		3DACBB2F219EAD610077E262 /* LTLoginViewController.m */ = {isa = PBXFileReference; lastKnownFileType = sourcecode.c.objc; path = LTLoginViewController.m; sourceTree = "<group>"; };
		3DB0BB62214117EF00EA1B6E /* en */ = {isa = PBXFileReference; lastKnownFileType = text.plist.strings; name = en; path = en.lproj/InfoPlist.strings; sourceTree = "<group>"; };
		3DB0BB64214117F000EA1B6E /* zh-Hans */ = {isa = PBXFileReference; lastKnownFileType = text.plist.strings; name = "zh-Hans"; path = "zh-Hans.lproj/InfoPlist.strings"; sourceTree = "<group>"; };
		3DB0BB6821411A1700EA1B6E /* en */ = {isa = PBXFileReference; lastKnownFileType = text.plist.strings; name = en; path = en.lproj/Localizable.strings; sourceTree = "<group>"; };
		3DB0BB6A21411A1800EA1B6E /* zh-Hans */ = {isa = PBXFileReference; lastKnownFileType = text.plist.strings; name = "zh-Hans"; path = "zh-Hans.lproj/Localizable.strings"; sourceTree = "<group>"; };
		3DBD184921CCD36400E98730 /* LTWKWebView.h */ = {isa = PBXFileReference; lastKnownFileType = sourcecode.c.h; path = LTWKWebView.h; sourceTree = "<group>"; };
		3DBD184A21CCD36400E98730 /* LTWKWebView.m */ = {isa = PBXFileReference; lastKnownFileType = sourcecode.c.objc; path = LTWKWebView.m; sourceTree = "<group>"; };
		3DCC9F0E20B006EF00CD476A /* UniversalApp.app */ = {isa = PBXFileReference; explicitFileType = wrapper.application; includeInIndex = 0; path = UniversalApp.app; sourceTree = BUILT_PRODUCTS_DIR; };
		3DCC9F1120B006EF00CD476A /* AppDelegate.h */ = {isa = PBXFileReference; lastKnownFileType = sourcecode.c.h; path = AppDelegate.h; sourceTree = "<group>"; };
		3DCC9F1220B006EF00CD476A /* AppDelegate.m */ = {isa = PBXFileReference; lastKnownFileType = sourcecode.c.objc; path = AppDelegate.m; sourceTree = "<group>"; };
		3DCC9F1A20B006F100CD476A /* Assets.xcassets */ = {isa = PBXFileReference; lastKnownFileType = folder.assetcatalog; path = Assets.xcassets; sourceTree = "<group>"; };
		3DCC9F1F20B006F100CD476A /* Info.plist */ = {isa = PBXFileReference; lastKnownFileType = text.plist.xml; path = Info.plist; sourceTree = "<group>"; };
		3DCC9F2020B006F100CD476A /* main.m */ = {isa = PBXFileReference; lastKnownFileType = sourcecode.c.objc; path = main.m; sourceTree = "<group>"; };
		3DCC9F2620B006F100CD476A /* UniversalAppTests.xctest */ = {isa = PBXFileReference; explicitFileType = wrapper.cfbundle; includeInIndex = 0; path = UniversalAppTests.xctest; sourceTree = BUILT_PRODUCTS_DIR; };
		3DCC9F2A20B006F100CD476A /* UniversalAppTests.m */ = {isa = PBXFileReference; lastKnownFileType = sourcecode.c.objc; path = UniversalAppTests.m; sourceTree = "<group>"; };
		3DCC9F2C20B006F100CD476A /* Info.plist */ = {isa = PBXFileReference; lastKnownFileType = text.plist.xml; path = Info.plist; sourceTree = "<group>"; };
		3DCC9F3120B006F100CD476A /* UniversalAppUITests.xctest */ = {isa = PBXFileReference; explicitFileType = wrapper.cfbundle; includeInIndex = 0; path = UniversalAppUITests.xctest; sourceTree = BUILT_PRODUCTS_DIR; };
		3DCC9F3520B006F100CD476A /* UniversalAppUITests.m */ = {isa = PBXFileReference; lastKnownFileType = sourcecode.c.objc; path = UniversalAppUITests.m; sourceTree = "<group>"; };
		3DCC9F3720B006F100CD476A /* Info.plist */ = {isa = PBXFileReference; lastKnownFileType = text.plist.xml; path = Info.plist; sourceTree = "<group>"; };
		3DCC9F4820B018F900CD476A /* AppDelegate+AppService.h */ = {isa = PBXFileReference; lastKnownFileType = sourcecode.c.h; path = "AppDelegate+AppService.h"; sourceTree = "<group>"; };
		3DCC9F4920B018F900CD476A /* AppDelegate+AppService.m */ = {isa = PBXFileReference; lastKnownFileType = sourcecode.c.objc; path = "AppDelegate+AppService.m"; sourceTree = "<group>"; };
		3DCC9F4C20B019F100CD476A /* YYFPSLabel.h */ = {isa = PBXFileReference; fileEncoding = 4; lastKnownFileType = sourcecode.c.h; path = YYFPSLabel.h; sourceTree = "<group>"; };
		3DCC9F4D20B019F100CD476A /* YYFPSLabel.m */ = {isa = PBXFileReference; fileEncoding = 4; lastKnownFileType = sourcecode.c.objc; path = YYFPSLabel.m; sourceTree = "<group>"; };
		3DCC9F4F20B01A8500CD476A /* PrefixHeader.pch */ = {isa = PBXFileReference; fileEncoding = 4; lastKnownFileType = sourcecode.c.h; path = PrefixHeader.pch; sourceTree = "<group>"; };
		3DCC9F5020B01AA300CD476A /* LTMacros.h */ = {isa = PBXFileReference; fileEncoding = 4; lastKnownFileType = sourcecode.c.h; path = LTMacros.h; sourceTree = "<group>"; };
		3DCC9F5120B01AA300CD476A /* Header.h */ = {isa = PBXFileReference; fileEncoding = 4; lastKnownFileType = sourcecode.c.h; path = Header.h; sourceTree = "<group>"; };
		3DCC9F6F20B02D4500CD476A /* LTTabBarControllerConfig.h */ = {isa = PBXFileReference; lastKnownFileType = sourcecode.c.h; path = LTTabBarControllerConfig.h; sourceTree = "<group>"; };
		3DCC9F7020B02D4500CD476A /* LTTabBarControllerConfig.m */ = {isa = PBXFileReference; lastKnownFileType = sourcecode.c.objc; path = LTTabBarControllerConfig.m; sourceTree = "<group>"; };
		3DCC9F7320B02E0A00CD476A /* LTNavigationController.h */ = {isa = PBXFileReference; lastKnownFileType = sourcecode.c.h; path = LTNavigationController.h; sourceTree = "<group>"; };
		3DCC9F7420B02E0A00CD476A /* LTNavigationController.m */ = {isa = PBXFileReference; lastKnownFileType = sourcecode.c.objc; path = LTNavigationController.m; sourceTree = "<group>"; };
		3DCC9F7B20B0318C00CD476A /* LTNetworkTools.h */ = {isa = PBXFileReference; lastKnownFileType = sourcecode.c.h; path = LTNetworkTools.h; sourceTree = "<group>"; };
		3DCC9F7C20B0318C00CD476A /* LTNetworkTools.m */ = {isa = PBXFileReference; lastKnownFileType = sourcecode.c.objc; path = LTNetworkTools.m; sourceTree = "<group>"; };
		3DDDBEC421941CCF004D68F6 /* LTExampleCode.h */ = {isa = PBXFileReference; lastKnownFileType = sourcecode.c.h; path = LTExampleCode.h; sourceTree = "<group>"; };
		3DDDBEC521941CCF004D68F6 /* LTExampleCode.m */ = {isa = PBXFileReference; lastKnownFileType = sourcecode.c.objc; path = LTExampleCode.m; sourceTree = "<group>"; };
		3DE5B32020B0E94C009719D0 /* ColorMacros.h */ = {isa = PBXFileReference; fileEncoding = 4; lastKnownFileType = sourcecode.c.h; path = ColorMacros.h; sourceTree = "<group>"; };
		3DE5B32120B11B19009719D0 /* URLString.h */ = {isa = PBXFileReference; fileEncoding = 4; lastKnownFileType = sourcecode.c.h; path = URLString.h; sourceTree = "<group>"; };
		3DE5B32220B11EBE009719D0 /* LTBaseRequest.h */ = {isa = PBXFileReference; lastKnownFileType = sourcecode.c.h; path = LTBaseRequest.h; sourceTree = "<group>"; };
		3DE5B32320B11EBE009719D0 /* LTBaseRequest.m */ = {isa = PBXFileReference; lastKnownFileType = sourcecode.c.objc; path = LTBaseRequest.m; sourceTree = "<group>"; };
		3DEE10B020EB05C0002C597D /* libOpenInstallSDK.a */ = {isa = PBXFileReference; lastKnownFileType = archive.ar; path = libOpenInstallSDK.a; sourceTree = "<group>"; };
		3DEE10B120EB05C0002C597D /* OpeninstallData.h */ = {isa = PBXFileReference; fileEncoding = 4; lastKnownFileType = sourcecode.c.h; path = OpeninstallData.h; sourceTree = "<group>"; };
		3DEE10B220EB05C0002C597D /* OpenInstallSDK.h */ = {isa = PBXFileReference; fileEncoding = 4; lastKnownFileType = sourcecode.c.h; path = OpenInstallSDK.h; sourceTree = "<group>"; };
		3DFE3E6E20EA531500A8832C /* AppDelegate+UMengAnalytics.h */ = {isa = PBXFileReference; lastKnownFileType = sourcecode.c.h; path = "AppDelegate+UMengAnalytics.h"; sourceTree = "<group>"; };
		3DFE3E6F20EA531500A8832C /* AppDelegate+UMengAnalytics.m */ = {isa = PBXFileReference; lastKnownFileType = sourcecode.c.objc; path = "AppDelegate+UMengAnalytics.m"; sourceTree = "<group>"; };
		3DFE3E7120EA532500A8832C /* AppDelegate+OpenInstallSDK.h */ = {isa = PBXFileReference; lastKnownFileType = sourcecode.c.h; path = "AppDelegate+OpenInstallSDK.h"; sourceTree = "<group>"; };
		3DFE3E7220EA532500A8832C /* AppDelegate+OpenInstallSDK.m */ = {isa = PBXFileReference; lastKnownFileType = sourcecode.c.objc; path = "AppDelegate+OpenInstallSDK.m"; sourceTree = "<group>"; };
		3DFE3E7420EA533300A8832C /* AppDelegate+JPush.h */ = {isa = PBXFileReference; lastKnownFileType = sourcecode.c.h; path = "AppDelegate+JPush.h"; sourceTree = "<group>"; };
		3DFE3E7520EA533300A8832C /* AppDelegate+JPush.m */ = {isa = PBXFileReference; lastKnownFileType = sourcecode.c.objc; path = "AppDelegate+JPush.m"; sourceTree = "<group>"; };
		4368C7EFF5E69A4A8EB7DFA6 /* libPods-UniversalApp.a */ = {isa = PBXFileReference; explicitFileType = archive.ar; includeInIndex = 0; path = "libPods-UniversalApp.a"; sourceTree = BUILT_PRODUCTS_DIR; };
		461DB11EE24A791480763032 /* Pods-UniversalApp.dev.xcconfig */ = {isa = PBXFileReference; includeInIndex = 1; lastKnownFileType = text.xcconfig; name = "Pods-UniversalApp.dev.xcconfig"; path = "Pods/Target Support Files/Pods-UniversalApp/Pods-UniversalApp.dev.xcconfig"; sourceTree = "<group>"; };
		A035615321C3859C00DAAEE1 /* LTListTableViewController.h */ = {isa = PBXFileReference; lastKnownFileType = sourcecode.c.h; path = LTListTableViewController.h; sourceTree = "<group>"; };
		A035615421C3859C00DAAEE1 /* LTListTableViewController.m */ = {isa = PBXFileReference; lastKnownFileType = sourcecode.c.objc; path = LTListTableViewController.m; sourceTree = "<group>"; };
		A035615621C3F6FD00DAAEE1 /* LTObjcViewController.h */ = {isa = PBXFileReference; lastKnownFileType = sourcecode.c.h; path = LTObjcViewController.h; sourceTree = "<group>"; };
		A035615721C3F6FD00DAAEE1 /* LTObjcViewController.m */ = {isa = PBXFileReference; lastKnownFileType = sourcecode.c.objc; path = LTObjcViewController.m; sourceTree = "<group>"; };
		A035615921C3F76400DAAEE1 /* LTMultiThreadExample.h */ = {isa = PBXFileReference; lastKnownFileType = sourcecode.c.h; path = LTMultiThreadExample.h; sourceTree = "<group>"; };
		A035615A21C3F76400DAAEE1 /* LTMultiThreadExample.m */ = {isa = PBXFileReference; lastKnownFileType = sourcecode.c.objc; path = LTMultiThreadExample.m; sourceTree = "<group>"; };
		A035615D21C3F8B400DAAEE1 /* LTBlockExample.h */ = {isa = PBXFileReference; lastKnownFileType = sourcecode.c.h; path = LTBlockExample.h; sourceTree = "<group>"; };
		A035615E21C3F8B400DAAEE1 /* LTBlockExample.m */ = {isa = PBXFileReference; lastKnownFileType = sourcecode.c.objc; path = LTBlockExample.m; sourceTree = "<group>"; };
		A073C2D0224A3F7900B685A1 /* UITableView+LTAdd.h */ = {isa = PBXFileReference; fileEncoding = 4; lastKnownFileType = sourcecode.c.h; path = "UITableView+LTAdd.h"; sourceTree = "<group>"; };
		A073C2D1224A3F7900B685A1 /* UIImage+LTAdd.m */ = {isa = PBXFileReference; fileEncoding = 4; lastKnownFileType = sourcecode.c.objc; path = "UIImage+LTAdd.m"; sourceTree = "<group>"; };
		A073C2D2224A3F7900B685A1 /* UITableViewCell+LTAdd.m */ = {isa = PBXFileReference; fileEncoding = 4; lastKnownFileType = sourcecode.c.objc; path = "UITableViewCell+LTAdd.m"; sourceTree = "<group>"; };
		A073C2D3224A3F7900B685A1 /* UIViewController+LTAdd.m */ = {isa = PBXFileReference; fileEncoding = 4; lastKnownFileType = sourcecode.c.objc; path = "UIViewController+LTAdd.m"; sourceTree = "<group>"; };
		A073C2D4224A3F7900B685A1 /* UIApplication+LTAdd.h */ = {isa = PBXFileReference; fileEncoding = 4; lastKnownFileType = sourcecode.c.h; path = "UIApplication+LTAdd.h"; sourceTree = "<group>"; };
		A073C2D5224A3F7900B685A1 /* UINavigationController+LTAdd.h */ = {isa = PBXFileReference; fileEncoding = 4; lastKnownFileType = sourcecode.c.h; path = "UINavigationController+LTAdd.h"; sourceTree = "<group>"; };
		A073C2D6224A3F7900B685A1 /* UINavigationBar+LTAdd.h */ = {isa = PBXFileReference; fileEncoding = 4; lastKnownFileType = sourcecode.c.h; path = "UINavigationBar+LTAdd.h"; sourceTree = "<group>"; };
		A073C2D7224A3F7900B685A1 /* UIView+LTAdd.h */ = {isa = PBXFileReference; fileEncoding = 4; lastKnownFileType = sourcecode.c.h; path = "UIView+LTAdd.h"; sourceTree = "<group>"; };
		A073C2D8224A3F7900B685A1 /* UIBarButtonItem+LTAdd.h */ = {isa = PBXFileReference; fileEncoding = 4; lastKnownFileType = sourcecode.c.h; path = "UIBarButtonItem+LTAdd.h"; sourceTree = "<group>"; };
		A073C2D9224A3F7900B685A1 /* UIButton+LTAdd.m */ = {isa = PBXFileReference; fileEncoding = 4; lastKnownFileType = sourcecode.c.objc; path = "UIButton+LTAdd.m"; sourceTree = "<group>"; };
		A073C2DA224A3F7900B685A1 /* UIWindow+LTAdd.h */ = {isa = PBXFileReference; fileEncoding = 4; lastKnownFileType = sourcecode.c.h; path = "UIWindow+LTAdd.h"; sourceTree = "<group>"; };
		A073C2DB224A3F7900B685A1 /* UITextView+LTAdd.m */ = {isa = PBXFileReference; fileEncoding = 4; lastKnownFileType = sourcecode.c.objc; path = "UITextView+LTAdd.m"; sourceTree = "<group>"; };
		A073C2DC224A3F7900B685A1 /* UIColor+LTAdd.h */ = {isa = PBXFileReference; fileEncoding = 4; lastKnownFileType = sourcecode.c.h; path = "UIColor+LTAdd.h"; sourceTree = "<group>"; };
		A073C2DD224A3F7900B685A1 /* UIScrollView+LTRefresh.m */ = {isa = PBXFileReference; fileEncoding = 4; lastKnownFileType = sourcecode.c.objc; path = "UIScrollView+LTRefresh.m"; sourceTree = "<group>"; };
		A073C2DE224A3F7900B685A1 /* UIApplication+LTAdd.m */ = {isa = PBXFileReference; fileEncoding = 4; lastKnownFileType = sourcecode.c.objc; path = "UIApplication+LTAdd.m"; sourceTree = "<group>"; };
		A073C2DF224A3F7900B685A1 /* UIViewController+LTAdd.h */ = {isa = PBXFileReference; fileEncoding = 4; lastKnownFileType = sourcecode.c.h; path = "UIViewController+LTAdd.h"; sourceTree = "<group>"; };
		A073C2E0224A3F7900B685A1 /* UITableViewCell+LTAdd.h */ = {isa = PBXFileReference; fileEncoding = 4; lastKnownFileType = sourcecode.c.h; path = "UITableViewCell+LTAdd.h"; sourceTree = "<group>"; };
		A073C2E1224A3F7900B685A1 /* UITableView+LTAdd.m */ = {isa = PBXFileReference; fileEncoding = 4; lastKnownFileType = sourcecode.c.objc; path = "UITableView+LTAdd.m"; sourceTree = "<group>"; };
		A073C2E2224A3F7900B685A1 /* UIImage+LTAdd.h */ = {isa = PBXFileReference; fileEncoding = 4; lastKnownFileType = sourcecode.c.h; path = "UIImage+LTAdd.h"; sourceTree = "<group>"; };
		A073C2E3224A3F7900B685A1 /* UIBarButtonItem+LTAdd.m */ = {isa = PBXFileReference; fileEncoding = 4; lastKnownFileType = sourcecode.c.objc; path = "UIBarButtonItem+LTAdd.m"; sourceTree = "<group>"; };
		A073C2E4224A3F7900B685A1 /* UIView+LTAdd.m */ = {isa = PBXFileReference; fileEncoding = 4; lastKnownFileType = sourcecode.c.objc; path = "UIView+LTAdd.m"; sourceTree = "<group>"; };
		A073C2E5224A3F7900B685A1 /* UINavigationBar+LTAdd.m */ = {isa = PBXFileReference; fileEncoding = 4; lastKnownFileType = sourcecode.c.objc; path = "UINavigationBar+LTAdd.m"; sourceTree = "<group>"; };
		A073C2E6224A3F7900B685A1 /* UINavigationController+LTAdd.m */ = {isa = PBXFileReference; fileEncoding = 4; lastKnownFileType = sourcecode.c.objc; path = "UINavigationController+LTAdd.m"; sourceTree = "<group>"; };
		A073C2E7224A3F7900B685A1 /* UITextView+LTAdd.h */ = {isa = PBXFileReference; fileEncoding = 4; lastKnownFileType = sourcecode.c.h; path = "UITextView+LTAdd.h"; sourceTree = "<group>"; };
		A073C2E8224A3F7900B685A1 /* UIWindow+LTAdd.m */ = {isa = PBXFileReference; fileEncoding = 4; lastKnownFileType = sourcecode.c.objc; path = "UIWindow+LTAdd.m"; sourceTree = "<group>"; };
		A073C2E9224A3F7900B685A1 /* UIButton+LTAdd.h */ = {isa = PBXFileReference; fileEncoding = 4; lastKnownFileType = sourcecode.c.h; path = "UIButton+LTAdd.h"; sourceTree = "<group>"; };
		A073C2EA224A3F7900B685A1 /* UIScrollView+LTRefresh.h */ = {isa = PBXFileReference; fileEncoding = 4; lastKnownFileType = sourcecode.c.h; path = "UIScrollView+LTRefresh.h"; sourceTree = "<group>"; };
		A073C2EB224A3F7900B685A1 /* UIColor+LTAdd.m */ = {isa = PBXFileReference; fileEncoding = 4; lastKnownFileType = sourcecode.c.objc; path = "UIColor+LTAdd.m"; sourceTree = "<group>"; };
		A073C2ED224A3F7900B685A1 /* NSString+LTAdd.m */ = {isa = PBXFileReference; fileEncoding = 4; lastKnownFileType = sourcecode.c.objc; path = "NSString+LTAdd.m"; sourceTree = "<group>"; };
		A073C2EE224A3F7900B685A1 /* NSObject+LTAdd.h */ = {isa = PBXFileReference; fileEncoding = 4; lastKnownFileType = sourcecode.c.h; path = "NSObject+LTAdd.h"; sourceTree = "<group>"; };
		A073C2EF224A3F7900B685A1 /* NSDictionary+LTAdd.m */ = {isa = PBXFileReference; fileEncoding = 4; lastKnownFileType = sourcecode.c.objc; path = "NSDictionary+LTAdd.m"; sourceTree = "<group>"; };
		A073C2F0224A3F7900B685A1 /* NSArray+LTAdd.h */ = {isa = PBXFileReference; fileEncoding = 4; lastKnownFileType = sourcecode.c.h; path = "NSArray+LTAdd.h"; sourceTree = "<group>"; };
		A073C2F1224A3F7A00B685A1 /* NSString+LTAdd.h */ = {isa = PBXFileReference; fileEncoding = 4; lastKnownFileType = sourcecode.c.h; path = "NSString+LTAdd.h"; sourceTree = "<group>"; };
		A073C2F2224A3F7A00B685A1 /* NSObject+LTAdd.m */ = {isa = PBXFileReference; fileEncoding = 4; lastKnownFileType = sourcecode.c.objc; path = "NSObject+LTAdd.m"; sourceTree = "<group>"; };
		A073C2F3224A3F7A00B685A1 /* NSDictionary+LTAdd.h */ = {isa = PBXFileReference; fileEncoding = 4; lastKnownFileType = sourcecode.c.h; path = "NSDictionary+LTAdd.h"; sourceTree = "<group>"; };
		A073C2F4224A3F7A00B685A1 /* NSArray+LTAdd.m */ = {isa = PBXFileReference; fileEncoding = 4; lastKnownFileType = sourcecode.c.objc; path = "NSArray+LTAdd.m"; sourceTree = "<group>"; };
		A073C2F5224A3F7A00B685A1 /* LTKit.h */ = {isa = PBXFileReference; fileEncoding = 4; lastKnownFileType = sourcecode.c.h; path = LTKit.h; sourceTree = "<group>"; };
		A073C2F7224A3F7A00B685A1 /* CAGradientLayer+LTAdd.m */ = {isa = PBXFileReference; fileEncoding = 4; lastKnownFileType = sourcecode.c.objc; path = "CAGradientLayer+LTAdd.m"; sourceTree = "<group>"; };
		A073C2F8224A3F7A00B685A1 /* CAGradientLayer+LTAdd.h */ = {isa = PBXFileReference; fileEncoding = 4; lastKnownFileType = sourcecode.c.h; path = "CAGradientLayer+LTAdd.h"; sourceTree = "<group>"; };
		A0C2CFB12254A31F00190314 /* NSURL+LTAdd.h */ = {isa = PBXFileReference; lastKnownFileType = sourcecode.c.h; path = "NSURL+LTAdd.h"; sourceTree = "<group>"; };
		A0C2CFB22254A31F00190314 /* NSURL+LTAdd.m */ = {isa = PBXFileReference; lastKnownFileType = sourcecode.c.objc; path = "NSURL+LTAdd.m"; sourceTree = "<group>"; };
		A244D68607808162F3309FE0 /* Pods-UniversalAppUITests.release.xcconfig */ = {isa = PBXFileReference; includeInIndex = 1; lastKnownFileType = text.xcconfig; name = "Pods-UniversalAppUITests.release.xcconfig"; path = "Pods/Target Support Files/Pods-UniversalAppUITests/Pods-UniversalAppUITests.release.xcconfig"; sourceTree = "<group>"; };
		BC8739C3BF6125C27952E091 /* Pods-UniversalAppTests.sit.xcconfig */ = {isa = PBXFileReference; includeInIndex = 1; lastKnownFileType = text.xcconfig; name = "Pods-UniversalAppTests.sit.xcconfig"; path = "Pods/Target Support Files/Pods-UniversalAppTests/Pods-UniversalAppTests.sit.xcconfig"; sourceTree = "<group>"; };
		C88A913B462EFBFE7833C24D /* Pods-UniversalAppTests.dev.xcconfig */ = {isa = PBXFileReference; includeInIndex = 1; lastKnownFileType = text.xcconfig; name = "Pods-UniversalAppTests.dev.xcconfig"; path = "Pods/Target Support Files/Pods-UniversalAppTests/Pods-UniversalAppTests.dev.xcconfig"; sourceTree = "<group>"; };
		C92C279DCD6507F74C2F880F /* Pods-UniversalAppUITests.debug.xcconfig */ = {isa = PBXFileReference; includeInIndex = 1; lastKnownFileType = text.xcconfig; name = "Pods-UniversalAppUITests.debug.xcconfig"; path = "Pods/Target Support Files/Pods-UniversalAppUITests/Pods-UniversalAppUITests.debug.xcconfig"; sourceTree = "<group>"; };
		D3DFBE58E24558FA94B0A339 /* Pods-UniversalApp.debug.xcconfig */ = {isa = PBXFileReference; includeInIndex = 1; lastKnownFileType = text.xcconfig; name = "Pods-UniversalApp.debug.xcconfig"; path = "Pods/Target Support Files/Pods-UniversalApp/Pods-UniversalApp.debug.xcconfig"; sourceTree = "<group>"; };
		DCF200C3C30EDC931CB7D4CD /* Pods-UniversalAppTests.debug.xcconfig */ = {isa = PBXFileReference; includeInIndex = 1; lastKnownFileType = text.xcconfig; name = "Pods-UniversalAppTests.debug.xcconfig"; path = "Pods/Target Support Files/Pods-UniversalAppTests/Pods-UniversalAppTests.debug.xcconfig"; sourceTree = "<group>"; };
		ED5E6A60AFAB85BBD05C0740 /* Pods-UniversalAppUITests.dev.xcconfig */ = {isa = PBXFileReference; includeInIndex = 1; lastKnownFileType = text.xcconfig; name = "Pods-UniversalAppUITests.dev.xcconfig"; path = "Pods/Target Support Files/Pods-UniversalAppUITests/Pods-UniversalAppUITests.dev.xcconfig"; sourceTree = "<group>"; };
		EEB7ABF4EB37A63DA1C55627 /* Pods-UniversalAppUITests.sit.xcconfig */ = {isa = PBXFileReference; includeInIndex = 1; lastKnownFileType = text.xcconfig; name = "Pods-UniversalAppUITests.sit.xcconfig"; path = "Pods/Target Support Files/Pods-UniversalAppUITests/Pods-UniversalAppUITests.sit.xcconfig"; sourceTree = "<group>"; };
/* End PBXFileReference section */

/* Begin PBXFrameworksBuildPhase section */
		3DCC9F0B20B006EF00CD476A /* Frameworks */ = {
			isa = PBXFrameworksBuildPhase;
			buildActionMask = 2147483647;
			files = (
				3D20AC3F20B3B04200BDE45D /* JavaScriptCore.framework in Frameworks */,
				E263541D9C33F5DD3886B5D4 /* libPods-UniversalApp.a in Frameworks */,
				3DEE10B320EB05C0002C597D /* libOpenInstallSDK.a in Frameworks */,
			);
			runOnlyForDeploymentPostprocessing = 0;
		};
		3DCC9F2320B006F100CD476A /* Frameworks */ = {
			isa = PBXFrameworksBuildPhase;
			buildActionMask = 2147483647;
			files = (
				FB553A15234B274C38B6CE91 /* libPods-UniversalAppTests.a in Frameworks */,
			);
			runOnlyForDeploymentPostprocessing = 0;
		};
		3DCC9F2E20B006F100CD476A /* Frameworks */ = {
			isa = PBXFrameworksBuildPhase;
			buildActionMask = 2147483647;
			files = (
				7B06541542D17252DD1BA4D2 /* libPods-UniversalAppUITests.a in Frameworks */,
			);
			runOnlyForDeploymentPostprocessing = 0;
		};
/* End PBXFrameworksBuildPhase section */

/* Begin PBXGroup section */
		03A351799EE8CF542DAEE2A5 /* Frameworks */ = {
			isa = PBXGroup;
			children = (
				3D20AC3D20B2C83800BDE45D /* JavaScriptCore.framework */,
				4368C7EFF5E69A4A8EB7DFA6 /* libPods-UniversalApp.a */,
				0296C350224E490362599AB1 /* libPods-UniversalAppTests.a */,
				32D3A5DAA64B035CDF219C8B /* libPods-UniversalAppUITests.a */,
			);
			name = Frameworks;
			sourceTree = "<group>";
		};
		3D03D64120B80C17006F6F75 /* LTNavigationBar */ = {
			isa = PBXGroup;
			children = (
				3D03D64220B80C26006F6F75 /* UINavigationBar+Awesome.h */,
				3D03D64320B80C26006F6F75 /* UINavigationBar+Awesome.m */,
			);
			path = LTNavigationBar;
			sourceTree = "<group>";
		};
		3D20AC4020B3B0CD00BDE45D /* WebView */ = {
			isa = PBXGroup;
			children = (
				3DBD184921CCD36400E98730 /* LTWKWebView.h */,
				3DBD184A21CCD36400E98730 /* LTWKWebView.m */,
				3D20AC4120B3B0EC00BDE45D /* LTBaseWebViewController.h */,
				3D20AC4220B3B0EC00BDE45D /* LTBaseWebViewController.m */,
				3D03D63920B69B17006F6F75 /* LTBaseLocalHTMLWebViewController.h */,
				3D03D63A20B69B17006F6F75 /* LTBaseLocalHTMLWebViewController.m */,
			);
			path = WebView;
			sourceTree = "<group>";
		};
		3D48665D20B1AAA3002BACA8 /* Encryption */ = {
			isa = PBXGroup;
			children = (
				3D48665F20B1AAC4002BACA8 /* LTEncryptorTools.h */,
				3D48666120B1AAC4002BACA8 /* LTEncryptorTools.m */,
				3D48665E20B1AAC4002BACA8 /* NSString+Hash.h */,
				3D48666020B1AAC4002BACA8 /* NSString+Hash.m */,
			);
			path = Encryption;
			sourceTree = "<group>";
		};
		3D48666420B1ADF5002BACA8 /* DeviceInfo */ = {
			isa = PBXGroup;
			children = (
				3D48667F20B1B34C002BACA8 /* LTSandboxTool.h */,
				3D48668020B1B34D002BACA8 /* LTSandboxTool.m */,
			);
			path = DeviceInfo;
			sourceTree = "<group>";
		};
		3D48667820B1B197002BACA8 /* User */ = {
			isa = PBXGroup;
			children = (
				3D48667920B1B1B7002BACA8 /* LTUserManager.h */,
				3D48667A20B1B1B7002BACA8 /* LTUserManager.m */,
				3D48667C20B1B1C5002BACA8 /* LTUser.h */,
				3D48667D20B1B1C5002BACA8 /* LTUser.m */,
			);
			path = User;
			sourceTree = "<group>";
		};
		3D4A2F9921A256D100817536 /* Controller */ = {
			isa = PBXGroup;
			children = (
				3D4A2F9D21A2640600817536 /* LTLanguageSettingViewController.h */,
				3D4A2F9E21A2640600817536 /* LTLanguageSettingViewController.m */,
			);
			path = Controller;
			sourceTree = "<group>";
		};
		3D4A2FA021A2DF1100817536 /* View */ = {
			isa = PBXGroup;
			children = (
				3D4A2FA121A2DF3900817536 /* LTLanguageTableViewCell.h */,
				3D4A2FA221A2DF3900817536 /* LTLanguageTableViewCell.m */,
			);
			path = View;
			sourceTree = "<group>";
		};
		3D50913C20C6790400A21655 /* PrivacyPermission */ = {
			isa = PBXGroup;
			children = (
				3D50913E20C6790F00A21655 /* PrivacyPermission.h */,
				3D50913D20C6790F00A21655 /* PrivacyPermission.m */,
			);
			path = PrivacyPermission;
			sourceTree = "<group>";
		};
		3D679309213E23160017891D /* FirstViewController */ = {
			isa = PBXGroup;
			children = (
				A035615321C3859C00DAAEE1 /* LTListTableViewController.h */,
				A035615421C3859C00DAAEE1 /* LTListTableViewController.m */,
				3D67930A213E23160017891D /* Controller */,
			);
			path = FirstViewController;
			sourceTree = "<group>";
		};
		3D67930A213E23160017891D /* Controller */ = {
			isa = PBXGroup;
			children = (
				3D67930B213E23160017891D /* LTFirstViewController.h */,
				3D67930C213E23160017891D /* LTFirstViewController.m */,
			);
			path = Controller;
			sourceTree = "<group>";
		};
		3DACBB2C219EAD380077E262 /* Login */ = {
			isa = PBXGroup;
			children = (
				3DACBB2D219EAD420077E262 /* Controller */,
			);
			path = Login;
			sourceTree = "<group>";
		};
		3DACBB2D219EAD420077E262 /* Controller */ = {
			isa = PBXGroup;
			children = (
				3DACBB2E219EAD610077E262 /* LTLoginViewController.h */,
				3DACBB2F219EAD610077E262 /* LTLoginViewController.m */,
			);
			path = Controller;
			sourceTree = "<group>";
		};
		3DACBB34219EBE980077E262 /* Localization */ = {
			isa = PBXGroup;
			children = (
				3D4A2F9A21A2585A00817536 /* LTLocalizations.h */,
				3D4A2F9B21A2585A00817536 /* LTLocalizations.m */,
				3D4A2FA021A2DF1100817536 /* View */,
				3D4A2F9921A256D100817536 /* Controller */,
			);
			path = Localization;
			sourceTree = "<group>";
		};
		3DCC9F0520B006EF00CD476A = {
			isa = PBXGroup;
			children = (
				3DCC9F1020B006EF00CD476A /* UniversalApp */,
				3DCC9F2920B006F100CD476A /* UniversalAppTests */,
				3DCC9F3420B006F100CD476A /* UniversalAppUITests */,
				3DCC9F0F20B006EF00CD476A /* Products */,
				77737A3B12732B904D586EFB /* Pods */,
				03A351799EE8CF542DAEE2A5 /* Frameworks */,
			);
			sourceTree = "<group>";
		};
		3DCC9F0F20B006EF00CD476A /* Products */ = {
			isa = PBXGroup;
			children = (
				3DCC9F0E20B006EF00CD476A /* UniversalApp.app */,
				3DCC9F2620B006F100CD476A /* UniversalAppTests.xctest */,
				3DCC9F3120B006F100CD476A /* UniversalAppUITests.xctest */,
			);
			name = Products;
			sourceTree = "<group>";
		};
		3DCC9F1020B006EF00CD476A /* UniversalApp */ = {
			isa = PBXGroup;
			children = (
				3DCC9F4320B00E6D00CD476A /* AppDelegate */,
				3DCC9F4420B00E8100CD476A /* Modules */,
				3DCC9F7220B02DEF00CD476A /* Base */,
				3DCC9F4720B0183300CD476A /* Utilities */,
				3DCC9F4620B017F300CD476A /* Vender */,
				3DCC9F4520B017E700CD476A /* Define */,
				3DCC9F4F20B01A8500CD476A /* PrefixHeader.pch */,
				3DCC9F1A20B006F100CD476A /* Assets.xcassets */,
				3DCC9F1F20B006F100CD476A /* Info.plist */,
				3DB0BB6921411A1700EA1B6E /* Localizable.strings */,
				3DB0BB63214117EF00EA1B6E /* InfoPlist.strings */,
				3DCC9F2020B006F100CD476A /* main.m */,
			);
			path = UniversalApp;
			sourceTree = "<group>";
		};
		3DCC9F2920B006F100CD476A /* UniversalAppTests */ = {
			isa = PBXGroup;
			children = (
				3DCC9F2A20B006F100CD476A /* UniversalAppTests.m */,
				3DCC9F2C20B006F100CD476A /* Info.plist */,
			);
			path = UniversalAppTests;
			sourceTree = "<group>";
		};
		3DCC9F3420B006F100CD476A /* UniversalAppUITests */ = {
			isa = PBXGroup;
			children = (
				3DCC9F3520B006F100CD476A /* UniversalAppUITests.m */,
				3DCC9F3720B006F100CD476A /* Info.plist */,
			);
			path = UniversalAppUITests;
			sourceTree = "<group>";
		};
		3DCC9F4320B00E6D00CD476A /* AppDelegate */ = {
			isa = PBXGroup;
			children = (
				3DCC9F1120B006EF00CD476A /* AppDelegate.h */,
				3DCC9F1220B006EF00CD476A /* AppDelegate.m */,
				3DCC9F4820B018F900CD476A /* AppDelegate+AppService.h */,
				3DCC9F4920B018F900CD476A /* AppDelegate+AppService.m */,
				3DFE3E6E20EA531500A8832C /* AppDelegate+UMengAnalytics.h */,
				3DFE3E6F20EA531500A8832C /* AppDelegate+UMengAnalytics.m */,
				3DFE3E7120EA532500A8832C /* AppDelegate+OpenInstallSDK.h */,
				3DFE3E7220EA532500A8832C /* AppDelegate+OpenInstallSDK.m */,
				3DFE3E7420EA533300A8832C /* AppDelegate+JPush.h */,
				3DFE3E7520EA533300A8832C /* AppDelegate+JPush.m */,
			);
			path = AppDelegate;
			sourceTree = "<group>";
		};
		3DCC9F4420B00E8100CD476A /* Modules */ = {
			isa = PBXGroup;
			children = (
				A035615121C35C7E00DAAEE1 /* Objective-C */,
				3DACBB34219EBE980077E262 /* Localization */,
				3DACBB2C219EAD380077E262 /* Login */,
				3D679309213E23160017891D /* FirstViewController */,
				3D48667820B1B197002BACA8 /* User */,
				3DCC9F7A20B0313F00CD476A /* Network */,
				3DCC9F6E20B02D2E00CD476A /* HomeTabBar */,
			);
			path = Modules;
			sourceTree = "<group>";
		};
		3DCC9F4520B017E700CD476A /* Define */ = {
			isa = PBXGroup;
			children = (
				3DCC9F5120B01AA300CD476A /* Header.h */,
				3DCC9F5020B01AA300CD476A /* LTMacros.h */,
				3DE5B32020B0E94C009719D0 /* ColorMacros.h */,
				3DE5B32120B11B19009719D0 /* URLString.h */,
				3D6C03E5217441F000FB9672 /* ApplicationConfig.h */,
			);
			path = Define;
			sourceTree = "<group>";
		};
		3DCC9F4620B017F300CD476A /* Vender */ = {
			isa = PBXGroup;
			children = (
				3DEE10AF20EB05C0002C597D /* OpenInstallSDK2.2.0 */,
				3D50913C20C6790400A21655 /* PrivacyPermission */,
				3D03D64120B80C17006F6F75 /* LTNavigationBar */,
				3DCC9F4B20B019F100CD476A /* YYFPSLabel */,
			);
			path = Vender;
			sourceTree = "<group>";
		};
		3DCC9F4720B0183300CD476A /* Utilities */ = {
			isa = PBXGroup;
			children = (
				A073C2CE224A3F7900B685A1 /* LTKit */,
				3DDDBEC421941CCF004D68F6 /* LTExampleCode.h */,
				3DDDBEC521941CCF004D68F6 /* LTExampleCode.m */,
				3D48666420B1ADF5002BACA8 /* DeviceInfo */,
				3D48665D20B1AAA3002BACA8 /* Encryption */,
			);
			path = Utilities;
			sourceTree = "<group>";
		};
		3DCC9F4B20B019F100CD476A /* YYFPSLabel */ = {
			isa = PBXGroup;
			children = (
				3DCC9F4C20B019F100CD476A /* YYFPSLabel.h */,
				3DCC9F4D20B019F100CD476A /* YYFPSLabel.m */,
			);
			path = YYFPSLabel;
			sourceTree = "<group>";
		};
		3DCC9F6E20B02D2E00CD476A /* HomeTabBar */ = {
			isa = PBXGroup;
			children = (
				3DCC9F6F20B02D4500CD476A /* LTTabBarControllerConfig.h */,
				3DCC9F7020B02D4500CD476A /* LTTabBarControllerConfig.m */,
			);
			path = HomeTabBar;
			sourceTree = "<group>";
		};
		3DCC9F7220B02DEF00CD476A /* Base */ = {
			isa = PBXGroup;
			children = (
				3DCC9F7920B030CC00CD476A /* NavigationController */,
				3D20AC4020B3B0CD00BDE45D /* WebView */,
			);
			path = Base;
			sourceTree = "<group>";
		};
		3DCC9F7920B030CC00CD476A /* NavigationController */ = {
			isa = PBXGroup;
			children = (
				3DCC9F7320B02E0A00CD476A /* LTNavigationController.h */,
				3DCC9F7420B02E0A00CD476A /* LTNavigationController.m */,
			);
			path = NavigationController;
			sourceTree = "<group>";
		};
		3DCC9F7A20B0313F00CD476A /* Network */ = {
			isa = PBXGroup;
			children = (
				3DCC9F7B20B0318C00CD476A /* LTNetworkTools.h */,
				3DCC9F7C20B0318C00CD476A /* LTNetworkTools.m */,
				3DE5B32220B11EBE009719D0 /* LTBaseRequest.h */,
				3DE5B32320B11EBE009719D0 /* LTBaseRequest.m */,
				3D2E14B521087EA7003B3122 /* LTRequestHeaderModel.h */,
				3D2E14B621087EA7003B3122 /* LTRequestHeaderModel.m */,
			);
			path = Network;
			sourceTree = "<group>";
		};
		3DEE10AF20EB05C0002C597D /* OpenInstallSDK2.2.0 */ = {
			isa = PBXGroup;
			children = (
				3DEE10B020EB05C0002C597D /* libOpenInstallSDK.a */,
				3DEE10B120EB05C0002C597D /* OpeninstallData.h */,
				3DEE10B220EB05C0002C597D /* OpenInstallSDK.h */,
			);
			path = OpenInstallSDK2.2.0;
			sourceTree = "<group>";
		};
		77737A3B12732B904D586EFB /* Pods */ = {
			isa = PBXGroup;
			children = (
				D3DFBE58E24558FA94B0A339 /* Pods-UniversalApp.debug.xcconfig */,
				1EE9DEC4E119EB53B93D5546 /* Pods-UniversalApp.release.xcconfig */,
				DCF200C3C30EDC931CB7D4CD /* Pods-UniversalAppTests.debug.xcconfig */,
				1324858852C8C17130C67907 /* Pods-UniversalAppTests.release.xcconfig */,
				C92C279DCD6507F74C2F880F /* Pods-UniversalAppUITests.debug.xcconfig */,
				A244D68607808162F3309FE0 /* Pods-UniversalAppUITests.release.xcconfig */,
				461DB11EE24A791480763032 /* Pods-UniversalApp.dev.xcconfig */,
				16EC4528C8638410706F403E /* Pods-UniversalApp.sit.xcconfig */,
				31F8371F68896A3FC493131D /* Pods-UniversalApp.uat.xcconfig */,
				C88A913B462EFBFE7833C24D /* Pods-UniversalAppTests.dev.xcconfig */,
				BC8739C3BF6125C27952E091 /* Pods-UniversalAppTests.sit.xcconfig */,
				0FFF6491D2C97F0626182451 /* Pods-UniversalAppTests.uat.xcconfig */,
				ED5E6A60AFAB85BBD05C0740 /* Pods-UniversalAppUITests.dev.xcconfig */,
				EEB7ABF4EB37A63DA1C55627 /* Pods-UniversalAppUITests.sit.xcconfig */,
				2F058948BB2F8ED19C0F9497 /* Pods-UniversalAppUITests.uat.xcconfig */,
			);
			name = Pods;
			sourceTree = "<group>";
		};
		A035615121C35C7E00DAAEE1 /* Objective-C */ = {
			isa = PBXGroup;
			children = (
				A035615621C3F6FD00DAAEE1 /* LTObjcViewController.h */,
				A035615721C3F6FD00DAAEE1 /* LTObjcViewController.m */,
				A035615C21C3F83B00DAAEE1 /* Block */,
				A035615221C35C9000DAAEE1 /* MultiThread */,
			);
			path = "Objective-C";
			sourceTree = "<group>";
		};
		A035615221C35C9000DAAEE1 /* MultiThread */ = {
			isa = PBXGroup;
			children = (
				A035615921C3F76400DAAEE1 /* LTMultiThreadExample.h */,
				A035615A21C3F76400DAAEE1 /* LTMultiThreadExample.m */,
			);
			path = MultiThread;
			sourceTree = "<group>";
		};
		A035615C21C3F83B00DAAEE1 /* Block */ = {
			isa = PBXGroup;
			children = (
				A035615D21C3F8B400DAAEE1 /* LTBlockExample.h */,
				A035615E21C3F8B400DAAEE1 /* LTBlockExample.m */,
			);
			path = Block;
			sourceTree = "<group>";
		};
		A073C2CE224A3F7900B685A1 /* LTKit */ = {
			isa = PBXGroup;
			children = (
				A0A9A3A42251EBC700C2188E /* Device */,
				A073C2CF224A3F7900B685A1 /* UIKit */,
				A073C2EC224A3F7900B685A1 /* Foundation */,
				A073C2F5224A3F7A00B685A1 /* LTKit.h */,
				A073C2F6224A3F7A00B685A1 /* QuartzCore */,
			);
			path = LTKit;
			sourceTree = "<group>";
		};
		A073C2CF224A3F7900B685A1 /* UIKit */ = {
			isa = PBXGroup;
			children = (
				A073C2E2224A3F7900B685A1 /* UIImage+LTAdd.h */,
				A073C2D1224A3F7900B685A1 /* UIImage+LTAdd.m */,
				A073C2D2224A3F7900B685A1 /* UITableViewCell+LTAdd.m */,
				A073C2D3224A3F7900B685A1 /* UIViewController+LTAdd.m */,
				A073C2D4224A3F7900B685A1 /* UIApplication+LTAdd.h */,
				A073C2DE224A3F7900B685A1 /* UIApplication+LTAdd.m */,
				A073C2D5224A3F7900B685A1 /* UINavigationController+LTAdd.h */,
				A073C2E6224A3F7900B685A1 /* UINavigationController+LTAdd.m */,
				A073C2D6224A3F7900B685A1 /* UINavigationBar+LTAdd.h */,
				A073C2E5224A3F7900B685A1 /* UINavigationBar+LTAdd.m */,
				A073C2D8224A3F7900B685A1 /* UIBarButtonItem+LTAdd.h */,
				A073C2E3224A3F7900B685A1 /* UIBarButtonItem+LTAdd.m */,
				A073C2D7224A3F7900B685A1 /* UIView+LTAdd.h */,
				A073C2E4224A3F7900B685A1 /* UIView+LTAdd.m */,
				A073C2E9224A3F7900B685A1 /* UIButton+LTAdd.h */,
				A073C2D9224A3F7900B685A1 /* UIButton+LTAdd.m */,
				A073C2DA224A3F7900B685A1 /* UIWindow+LTAdd.h */,
				A073C2DB224A3F7900B685A1 /* UITextView+LTAdd.m */,
				A073C2DC224A3F7900B685A1 /* UIColor+LTAdd.h */,
				A073C2EB224A3F7900B685A1 /* UIColor+LTAdd.m */,
				A073C2EA224A3F7900B685A1 /* UIScrollView+LTRefresh.h */,
				A073C2DD224A3F7900B685A1 /* UIScrollView+LTRefresh.m */,
				A073C2DF224A3F7900B685A1 /* UIViewController+LTAdd.h */,
				A073C2E0224A3F7900B685A1 /* UITableViewCell+LTAdd.h */,
				A073C2D0224A3F7900B685A1 /* UITableView+LTAdd.h */,
				A073C2E1224A3F7900B685A1 /* UITableView+LTAdd.m */,
				A073C2E7224A3F7900B685A1 /* UITextView+LTAdd.h */,
				A073C2E8224A3F7900B685A1 /* UIWindow+LTAdd.m */,
			);
			path = UIKit;
			sourceTree = "<group>";
		};
		A073C2EC224A3F7900B685A1 /* Foundation */ = {
			isa = PBXGroup;
			children = (
				A0C2CFB12254A31F00190314 /* NSURL+LTAdd.h */,
				A0C2CFB22254A31F00190314 /* NSURL+LTAdd.m */,
				A073C2F1224A3F7A00B685A1 /* NSString+LTAdd.h */,
				A073C2ED224A3F7900B685A1 /* NSString+LTAdd.m */,
				A073C2EE224A3F7900B685A1 /* NSObject+LTAdd.h */,
				A073C2F2224A3F7A00B685A1 /* NSObject+LTAdd.m */,
				A073C2F3224A3F7A00B685A1 /* NSDictionary+LTAdd.h */,
				A073C2EF224A3F7900B685A1 /* NSDictionary+LTAdd.m */,
				A073C2F0224A3F7900B685A1 /* NSArray+LTAdd.h */,
				A073C2F4224A3F7A00B685A1 /* NSArray+LTAdd.m */,
			);
			path = Foundation;
			sourceTree = "<group>";
		};
		A073C2F6224A3F7A00B685A1 /* QuartzCore */ = {
			isa = PBXGroup;
			children = (
				A073C2F7224A3F7A00B685A1 /* CAGradientLayer+LTAdd.m */,
				A073C2F8224A3F7A00B685A1 /* CAGradientLayer+LTAdd.h */,
			);
			path = QuartzCore;
			sourceTree = "<group>";
		};
		A0A9A3A42251EBC700C2188E /* Device */ = {
			isa = PBXGroup;
			children = (
				3D48666E20B1AE0F002BACA8 /* LTDevice.h */,
				3D48666720B1AE0F002BACA8 /* LTDevice.m */,
			);
			path = Device;
			sourceTree = "<group>";
		};
/* End PBXGroup section */

/* Begin PBXNativeTarget section */
		3DCC9F0D20B006EF00CD476A /* UniversalApp */ = {
			isa = PBXNativeTarget;
			buildConfigurationList = 3DCC9F3A20B006F100CD476A /* Build configuration list for PBXNativeTarget "UniversalApp" */;
			buildPhases = (
				6458EFB34B21243CD8EBAC35 /* [CP] Check Pods Manifest.lock */,
				3DCC9F0A20B006EF00CD476A /* Sources */,
				3DCC9F0B20B006EF00CD476A /* Frameworks */,
				3DCC9F0C20B006EF00CD476A /* Resources */,
				B9D1613C8F06AA24AD28CDCA /* [CP] Copy Pods Resources */,
			);
			buildRules = (
			);
			dependencies = (
			);
			name = UniversalApp;
			productName = UniversalApp;
			productReference = 3DCC9F0E20B006EF00CD476A /* UniversalApp.app */;
			productType = "com.apple.product-type.application";
		};
		3DCC9F2520B006F100CD476A /* UniversalAppTests */ = {
			isa = PBXNativeTarget;
			buildConfigurationList = 3DCC9F3D20B006F100CD476A /* Build configuration list for PBXNativeTarget "UniversalAppTests" */;
			buildPhases = (
				F6D184C78EAD76F8A1BC4F92 /* [CP] Check Pods Manifest.lock */,
				3DCC9F2220B006F100CD476A /* Sources */,
				3DCC9F2320B006F100CD476A /* Frameworks */,
				3DCC9F2420B006F100CD476A /* Resources */,
			);
			buildRules = (
			);
			dependencies = (
				3DCC9F2820B006F100CD476A /* PBXTargetDependency */,
			);
			name = UniversalAppTests;
			productName = UniversalAppTests;
			productReference = 3DCC9F2620B006F100CD476A /* UniversalAppTests.xctest */;
			productType = "com.apple.product-type.bundle.unit-test";
		};
		3DCC9F3020B006F100CD476A /* UniversalAppUITests */ = {
			isa = PBXNativeTarget;
			buildConfigurationList = 3DCC9F4020B006F100CD476A /* Build configuration list for PBXNativeTarget "UniversalAppUITests" */;
			buildPhases = (
				2F9DA4531BFFA61EF1F1AFFA /* [CP] Check Pods Manifest.lock */,
				3DCC9F2D20B006F100CD476A /* Sources */,
				3DCC9F2E20B006F100CD476A /* Frameworks */,
				3DCC9F2F20B006F100CD476A /* Resources */,
			);
			buildRules = (
			);
			dependencies = (
				3DCC9F3320B006F100CD476A /* PBXTargetDependency */,
			);
			name = UniversalAppUITests;
			productName = UniversalAppUITests;
			productReference = 3DCC9F3120B006F100CD476A /* UniversalAppUITests.xctest */;
			productType = "com.apple.product-type.bundle.ui-testing";
		};
/* End PBXNativeTarget section */

/* Begin PBXProject section */
		3DCC9F0620B006EF00CD476A /* Project object */ = {
			isa = PBXProject;
			attributes = {
				CLASSPREFIX = LT;
				LastUpgradeCheck = 0930;
				ORGANIZATIONNAME = huanyu.li;
				TargetAttributes = {
					3DCC9F0D20B006EF00CD476A = {
						CreatedOnToolsVersion = 9.3.1;
					};
					3DCC9F2520B006F100CD476A = {
						CreatedOnToolsVersion = 9.3.1;
						TestTargetID = 3DCC9F0D20B006EF00CD476A;
					};
					3DCC9F3020B006F100CD476A = {
						CreatedOnToolsVersion = 9.3.1;
						TestTargetID = 3DCC9F0D20B006EF00CD476A;
					};
				};
			};
			buildConfigurationList = 3DCC9F0920B006EF00CD476A /* Build configuration list for PBXProject "UniversalApp" */;
			compatibilityVersion = "Xcode 9.3";
			developmentRegion = en;
			hasScannedForEncodings = 0;
			knownRegions = (
				en,
				Base,
				"zh-Hans",
			);
			mainGroup = 3DCC9F0520B006EF00CD476A;
			productRefGroup = 3DCC9F0F20B006EF00CD476A /* Products */;
			projectDirPath = "";
			projectRoot = "";
			targets = (
				3DCC9F0D20B006EF00CD476A /* UniversalApp */,
				3DCC9F2520B006F100CD476A /* UniversalAppTests */,
				3DCC9F3020B006F100CD476A /* UniversalAppUITests */,
			);
		};
/* End PBXProject section */

/* Begin PBXResourcesBuildPhase section */
		3DCC9F0C20B006EF00CD476A /* Resources */ = {
			isa = PBXResourcesBuildPhase;
			buildActionMask = 2147483647;
			files = (
				3DB0BB6721411A1700EA1B6E /* Localizable.strings in Resources */,
				3DB0BB61214117EF00EA1B6E /* InfoPlist.strings in Resources */,
				3DCC9F1B20B006F100CD476A /* Assets.xcassets in Resources */,
			);
			runOnlyForDeploymentPostprocessing = 0;
		};
		3DCC9F2420B006F100CD476A /* Resources */ = {
			isa = PBXResourcesBuildPhase;
			buildActionMask = 2147483647;
			files = (
			);
			runOnlyForDeploymentPostprocessing = 0;
		};
		3DCC9F2F20B006F100CD476A /* Resources */ = {
			isa = PBXResourcesBuildPhase;
			buildActionMask = 2147483647;
			files = (
			);
			runOnlyForDeploymentPostprocessing = 0;
		};
/* End PBXResourcesBuildPhase section */

/* Begin PBXShellScriptBuildPhase section */
		2F9DA4531BFFA61EF1F1AFFA /* [CP] Check Pods Manifest.lock */ = {
			isa = PBXShellScriptBuildPhase;
			buildActionMask = 2147483647;
			files = (
			);
			inputPaths = (
				"${PODS_PODFILE_DIR_PATH}/Podfile.lock",
				"${PODS_ROOT}/Manifest.lock",
			);
			name = "[CP] Check Pods Manifest.lock";
			outputPaths = (
				"$(DERIVED_FILE_DIR)/Pods-UniversalAppUITests-checkManifestLockResult.txt",
			);
			runOnlyForDeploymentPostprocessing = 0;
			shellPath = /bin/sh;
			shellScript = "diff \"${PODS_PODFILE_DIR_PATH}/Podfile.lock\" \"${PODS_ROOT}/Manifest.lock\" > /dev/null\nif [ $? != 0 ] ; then\n    # print error to STDERR\n    echo \"error: The sandbox is not in sync with the Podfile.lock. Run 'pod install' or update your CocoaPods installation.\" >&2\n    exit 1\nfi\n# This output is used by Xcode 'outputs' to avoid re-running this script phase.\necho \"SUCCESS\" > \"${SCRIPT_OUTPUT_FILE_0}\"\n";
			showEnvVarsInLog = 0;
		};
		6458EFB34B21243CD8EBAC35 /* [CP] Check Pods Manifest.lock */ = {
			isa = PBXShellScriptBuildPhase;
			buildActionMask = 2147483647;
			files = (
			);
			inputPaths = (
				"${PODS_PODFILE_DIR_PATH}/Podfile.lock",
				"${PODS_ROOT}/Manifest.lock",
			);
			name = "[CP] Check Pods Manifest.lock";
			outputPaths = (
				"$(DERIVED_FILE_DIR)/Pods-UniversalApp-checkManifestLockResult.txt",
			);
			runOnlyForDeploymentPostprocessing = 0;
			shellPath = /bin/sh;
			shellScript = "diff \"${PODS_PODFILE_DIR_PATH}/Podfile.lock\" \"${PODS_ROOT}/Manifest.lock\" > /dev/null\nif [ $? != 0 ] ; then\n    # print error to STDERR\n    echo \"error: The sandbox is not in sync with the Podfile.lock. Run 'pod install' or update your CocoaPods installation.\" >&2\n    exit 1\nfi\n# This output is used by Xcode 'outputs' to avoid re-running this script phase.\necho \"SUCCESS\" > \"${SCRIPT_OUTPUT_FILE_0}\"\n";
			showEnvVarsInLog = 0;
		};
		B9D1613C8F06AA24AD28CDCA /* [CP] Copy Pods Resources */ = {
			isa = PBXShellScriptBuildPhase;
			buildActionMask = 2147483647;
			files = (
			);
			inputPaths = (
				"${PODS_ROOT}/Target Support Files/Pods-UniversalApp/Pods-UniversalApp-resources.sh",
				"${PODS_ROOT}/IQKeyboardManager/IQKeyboardManager/Resources/IQKeyboardManager.bundle",
				"${PODS_ROOT}/MJRefresh/MJRefresh/MJRefresh.bundle",
				"${PODS_ROOT}/QMUIKit/QMUIKit/QMUIResources/QMUIResources.bundle",
			);
			name = "[CP] Copy Pods Resources";
			outputPaths = (
				"${TARGET_BUILD_DIR}/${UNLOCALIZED_RESOURCES_FOLDER_PATH}/IQKeyboardManager.bundle",
				"${TARGET_BUILD_DIR}/${UNLOCALIZED_RESOURCES_FOLDER_PATH}/MJRefresh.bundle",
				"${TARGET_BUILD_DIR}/${UNLOCALIZED_RESOURCES_FOLDER_PATH}/QMUIResources.bundle",
			);
			runOnlyForDeploymentPostprocessing = 0;
			shellPath = /bin/sh;
			shellScript = "\"${PODS_ROOT}/Target Support Files/Pods-UniversalApp/Pods-UniversalApp-resources.sh\"\n";
			showEnvVarsInLog = 0;
		};
		F6D184C78EAD76F8A1BC4F92 /* [CP] Check Pods Manifest.lock */ = {
			isa = PBXShellScriptBuildPhase;
			buildActionMask = 2147483647;
			files = (
			);
			inputPaths = (
				"${PODS_PODFILE_DIR_PATH}/Podfile.lock",
				"${PODS_ROOT}/Manifest.lock",
			);
			name = "[CP] Check Pods Manifest.lock";
			outputPaths = (
				"$(DERIVED_FILE_DIR)/Pods-UniversalAppTests-checkManifestLockResult.txt",
			);
			runOnlyForDeploymentPostprocessing = 0;
			shellPath = /bin/sh;
			shellScript = "diff \"${PODS_PODFILE_DIR_PATH}/Podfile.lock\" \"${PODS_ROOT}/Manifest.lock\" > /dev/null\nif [ $? != 0 ] ; then\n    # print error to STDERR\n    echo \"error: The sandbox is not in sync with the Podfile.lock. Run 'pod install' or update your CocoaPods installation.\" >&2\n    exit 1\nfi\n# This output is used by Xcode 'outputs' to avoid re-running this script phase.\necho \"SUCCESS\" > \"${SCRIPT_OUTPUT_FILE_0}\"\n";
			showEnvVarsInLog = 0;
		};
/* End PBXShellScriptBuildPhase section */

/* Begin PBXSourcesBuildPhase section */
		3DCC9F0A20B006EF00CD476A /* Sources */ = {
			isa = PBXSourcesBuildPhase;
			buildActionMask = 2147483647;
			files = (
				3D2E14B721087EA7003B3122 /* LTRequestHeaderModel.m in Sources */,
				3DE5B31A20B047CF009719D0 /* LTNetworkTools.m in Sources */,
				3D4A2F9F21A2640600817536 /* LTLanguageSettingViewController.m in Sources */,
				A073C304224A3F7B00B685A1 /* UINavigationController+LTAdd.m in Sources */,
				A073C309224A3F7B00B685A1 /* NSObject+LTAdd.m in Sources */,
				3D48668120B1B34D002BACA8 /* LTSandboxTool.m in Sources */,
				3D50913F20C6790F00A21655 /* PrivacyPermission.m in Sources */,
				3D03D64420B80C27006F6F75 /* UINavigationBar+Awesome.m in Sources */,
				A035615521C3859C00DAAEE1 /* LTListTableViewController.m in Sources */,
				3D4A2F9C21A2585A00817536 /* LTLocalizations.m in Sources */,
				A073C30A224A3F7B00B685A1 /* NSArray+LTAdd.m in Sources */,
				A073C305224A3F7B00B685A1 /* UIWindow+LTAdd.m in Sources */,
				A073C2F9224A3F7B00B685A1 /* UIImage+LTAdd.m in Sources */,
				A073C2FD224A3F7B00B685A1 /* UITextView+LTAdd.m in Sources */,
				A073C302224A3F7B00B685A1 /* UIView+LTAdd.m in Sources */,
				3DACBB30219EAD610077E262 /* LTLoginViewController.m in Sources */,
				A073C2FF224A3F7B00B685A1 /* UIApplication+LTAdd.m in Sources */,
				A073C301224A3F7B00B685A1 /* UIBarButtonItem+LTAdd.m in Sources */,
				3D48667320B1AE0F002BACA8 /* LTDevice.m in Sources */,
				3DCC9F7120B02D4500CD476A /* LTTabBarControllerConfig.m in Sources */,
				3DBD184B21CCD36400E98730 /* LTWKWebView.m in Sources */,
				A073C303224A3F7B00B685A1 /* UINavigationBar+LTAdd.m in Sources */,
				3DCC9F4A20B018F900CD476A /* AppDelegate+AppService.m in Sources */,
				3DCC9F7520B02E0A00CD476A /* LTNavigationController.m in Sources */,
				3DCC9F4E20B019F100CD476A /* YYFPSLabel.m in Sources */,
				3D48667E20B1B1C5002BACA8 /* LTUser.m in Sources */,
				A035615821C3F6FD00DAAEE1 /* LTObjcViewController.m in Sources */,
				3DCC9F2120B006F100CD476A /* main.m in Sources */,
				A073C30B224A3F7B00B685A1 /* CAGradientLayer+LTAdd.m in Sources */,
				A073C306224A3F7B00B685A1 /* UIColor+LTAdd.m in Sources */,
				A073C2FE224A3F7B00B685A1 /* UIScrollView+LTRefresh.m in Sources */,
				A073C2FB224A3F7B00B685A1 /* UIViewController+LTAdd.m in Sources */,
				3DFE3E7020EA531500A8832C /* AppDelegate+UMengAnalytics.m in Sources */,
				3DE5B32420B11EBE009719D0 /* LTBaseRequest.m in Sources */,
				A073C2FC224A3F7B00B685A1 /* UIButton+LTAdd.m in Sources */,
				3D48667B20B1B1B7002BACA8 /* LTUserManager.m in Sources */,
				A073C308224A3F7B00B685A1 /* NSDictionary+LTAdd.m in Sources */,
				3DCC9F1320B006EF00CD476A /* AppDelegate.m in Sources */,
				3D48666220B1AAC5002BACA8 /* NSString+Hash.m in Sources */,
				3D67930D213E23160017891D /* LTFirstViewController.m in Sources */,
				3D20AC4320B3B0EC00BDE45D /* LTBaseWebViewController.m in Sources */,
				3DFE3E7320EA532500A8832C /* AppDelegate+OpenInstallSDK.m in Sources */,
				A073C300224A3F7B00B685A1 /* UITableView+LTAdd.m in Sources */,
				3D48666320B1AAC5002BACA8 /* LTEncryptorTools.m in Sources */,
				A073C307224A3F7B00B685A1 /* NSString+LTAdd.m in Sources */,
				A0C2CFB32254A31F00190314 /* NSURL+LTAdd.m in Sources */,
				A035615F21C3F8B400DAAEE1 /* LTBlockExample.m in Sources */,
				3D03D63B20B69B17006F6F75 /* LTBaseLocalHTMLWebViewController.m in Sources */,
				3D4A2FA321A2DF3900817536 /* LTLanguageTableViewCell.m in Sources */,
				3DDDBEC621941CCF004D68F6 /* LTExampleCode.m in Sources */,
				3DFE3E7620EA533300A8832C /* AppDelegate+JPush.m in Sources */,
				A035615B21C3F76400DAAEE1 /* LTMultiThreadExample.m in Sources */,
				A073C2FA224A3F7B00B685A1 /* UITableViewCell+LTAdd.m in Sources */,
			);
			runOnlyForDeploymentPostprocessing = 0;
		};
		3DCC9F2220B006F100CD476A /* Sources */ = {
			isa = PBXSourcesBuildPhase;
			buildActionMask = 2147483647;
			files = (
				3DCC9F2B20B006F100CD476A /* UniversalAppTests.m in Sources */,
			);
			runOnlyForDeploymentPostprocessing = 0;
		};
		3DCC9F2D20B006F100CD476A /* Sources */ = {
			isa = PBXSourcesBuildPhase;
			buildActionMask = 2147483647;
			files = (
				3DCC9F3620B006F100CD476A /* UniversalAppUITests.m in Sources */,
			);
			runOnlyForDeploymentPostprocessing = 0;
		};
/* End PBXSourcesBuildPhase section */

/* Begin PBXTargetDependency section */
		3DCC9F2820B006F100CD476A /* PBXTargetDependency */ = {
			isa = PBXTargetDependency;
			target = 3DCC9F0D20B006EF00CD476A /* UniversalApp */;
			targetProxy = 3DCC9F2720B006F100CD476A /* PBXContainerItemProxy */;
		};
		3DCC9F3320B006F100CD476A /* PBXTargetDependency */ = {
			isa = PBXTargetDependency;
			target = 3DCC9F0D20B006EF00CD476A /* UniversalApp */;
			targetProxy = 3DCC9F3220B006F100CD476A /* PBXContainerItemProxy */;
		};
/* End PBXTargetDependency section */

/* Begin PBXVariantGroup section */
		3DB0BB63214117EF00EA1B6E /* InfoPlist.strings */ = {
			isa = PBXVariantGroup;
			children = (
				3DB0BB62214117EF00EA1B6E /* en */,
				3DB0BB64214117F000EA1B6E /* zh-Hans */,
			);
			name = InfoPlist.strings;
			sourceTree = "<group>";
		};
		3DB0BB6921411A1700EA1B6E /* Localizable.strings */ = {
			isa = PBXVariantGroup;
			children = (
				3DB0BB6821411A1700EA1B6E /* en */,
				3DB0BB6A21411A1800EA1B6E /* zh-Hans */,
			);
			name = Localizable.strings;
			sourceTree = "<group>";
		};
/* End PBXVariantGroup section */

/* Begin XCBuildConfiguration section */
		3D6C03E621748C2B00FB9672 /* Sit */ = {
			isa = XCBuildConfiguration;
			buildSettings = {
				ALWAYS_SEARCH_USER_PATHS = NO;
				CLANG_ANALYZER_LOCALIZABILITY_NONLOCALIZED = YES;
				CLANG_ANALYZER_NONNULL = YES;
				CLANG_ANALYZER_NUMBER_OBJECT_CONVERSION = YES_AGGRESSIVE;
				CLANG_CXX_LANGUAGE_STANDARD = "gnu++14";
				CLANG_CXX_LIBRARY = "libc++";
				CLANG_ENABLE_MODULES = YES;
				CLANG_ENABLE_OBJC_ARC = YES;
				CLANG_ENABLE_OBJC_WEAK = YES;
				CLANG_WARN_BLOCK_CAPTURE_AUTORELEASING = YES;
				CLANG_WARN_BOOL_CONVERSION = YES;
				CLANG_WARN_COMMA = YES;
				CLANG_WARN_CONSTANT_CONVERSION = YES;
				CLANG_WARN_DEPRECATED_OBJC_IMPLEMENTATIONS = YES;
				CLANG_WARN_DIRECT_OBJC_ISA_USAGE = YES_ERROR;
				CLANG_WARN_DOCUMENTATION_COMMENTS = YES;
				CLANG_WARN_EMPTY_BODY = YES;
				CLANG_WARN_ENUM_CONVERSION = YES;
				CLANG_WARN_INFINITE_RECURSION = YES;
				CLANG_WARN_INT_CONVERSION = YES;
				CLANG_WARN_NON_LITERAL_NULL_CONVERSION = YES;
				CLANG_WARN_OBJC_IMPLICIT_RETAIN_SELF = YES;
				CLANG_WARN_OBJC_LITERAL_CONVERSION = YES;
				CLANG_WARN_OBJC_ROOT_CLASS = YES_ERROR;
				CLANG_WARN_RANGE_LOOP_ANALYSIS = YES;
				CLANG_WARN_STRICT_PROTOTYPES = YES;
				CLANG_WARN_SUSPICIOUS_MOVE = YES;
				CLANG_WARN_UNGUARDED_AVAILABILITY = YES_AGGRESSIVE;
				CLANG_WARN_UNREACHABLE_CODE = YES;
				CLANG_WARN__DUPLICATE_METHOD_MATCH = YES;
				CODE_SIGN_IDENTITY = "iPhone Developer";
				COPY_PHASE_STRIP = NO;
				DEBUG_INFORMATION_FORMAT = dwarf;
				ENABLE_STRICT_OBJC_MSGSEND = YES;
				ENABLE_TESTABILITY = YES;
				GCC_C_LANGUAGE_STANDARD = gnu11;
				GCC_DYNAMIC_NO_PIC = NO;
				GCC_NO_COMMON_BLOCKS = YES;
				GCC_OPTIMIZATION_LEVEL = 0;
				GCC_PREPROCESSOR_DEFINITIONS = (
					"SIT=1",
					"DEBUG=1",
					"$(inherited)",
				);
				GCC_WARN_64_TO_32_BIT_CONVERSION = YES;
				GCC_WARN_ABOUT_RETURN_TYPE = YES_ERROR;
				GCC_WARN_UNDECLARED_SELECTOR = YES;
				GCC_WARN_UNINITIALIZED_AUTOS = YES_AGGRESSIVE;
				GCC_WARN_UNUSED_FUNCTION = YES;
				GCC_WARN_UNUSED_VARIABLE = YES;
				IPHONEOS_DEPLOYMENT_TARGET = 11.3;
				MTL_ENABLE_DEBUG_INFO = YES;
				ONLY_ACTIVE_ARCH = YES;
				SDKROOT = iphoneos;
			};
			name = Sit;
		};
		3D6C03E721748C2B00FB9672 /* Sit */ = {
			isa = XCBuildConfiguration;
			baseConfigurationReference = 16EC4528C8638410706F403E /* Pods-UniversalApp.sit.xcconfig */;
			buildSettings = {
				APP_DISPLAY_NAME = UniversalApp_Sit;
				ASSETCATALOG_COMPILER_APPICON_NAME = AppIconSit;
				ASSETCATALOG_COMPILER_LAUNCHIMAGE_NAME = LaunchImage;
				CODE_SIGN_STYLE = Automatic;
				DEVELOPMENT_TEAM = 92CYHZVC4M;
				GCC_PRECOMPILE_PREFIX_HEADER = YES;
				GCC_PREFIX_HEADER = "$(SRCROOT)/UniversalApp/PrefixHeader.pch";
				INFOPLIST_FILE = UniversalApp/Info.plist;
				IPHONEOS_DEPLOYMENT_TARGET = 8.0;
				LD_RUNPATH_SEARCH_PATHS = (
					"$(inherited)",
					"@executable_path/Frameworks",
				);
				LIBRARY_SEARCH_PATHS = (
					"$(inherited)",
					"$(PROJECT_DIR)/UniversalApp/Vender/OpenInstallSDK2.2.0",
				);
				PRODUCT_BUNDLE_IDENTIFIER = com.huanyu.li.UniversalApp;
				PRODUCT_NAME = "$(TARGET_NAME)";
				TARGETED_DEVICE_FAMILY = 1;
			};
			name = Sit;
		};
		3D6C03E821748C2B00FB9672 /* Sit */ = {
			isa = XCBuildConfiguration;
			baseConfigurationReference = BC8739C3BF6125C27952E091 /* Pods-UniversalAppTests.sit.xcconfig */;
			buildSettings = {
				BUNDLE_LOADER = "$(TEST_HOST)";
				CODE_SIGN_STYLE = Automatic;
				INFOPLIST_FILE = UniversalAppTests/Info.plist;
				LD_RUNPATH_SEARCH_PATHS = (
					"$(inherited)",
					"@executable_path/Frameworks",
					"@loader_path/Frameworks",
				);
				PRODUCT_BUNDLE_IDENTIFIER = com.huanyu.li.UniversalAppTests;
				PRODUCT_NAME = "$(TARGET_NAME)";
				TARGETED_DEVICE_FAMILY = "1,2";
				TEST_HOST = "$(BUILT_PRODUCTS_DIR)/UniversalApp.app/UniversalApp";
			};
			name = Sit;
		};
		3D6C03E921748C2B00FB9672 /* Sit */ = {
			isa = XCBuildConfiguration;
			baseConfigurationReference = EEB7ABF4EB37A63DA1C55627 /* Pods-UniversalAppUITests.sit.xcconfig */;
			buildSettings = {
				CODE_SIGN_STYLE = Automatic;
				INFOPLIST_FILE = UniversalAppUITests/Info.plist;
				LD_RUNPATH_SEARCH_PATHS = (
					"$(inherited)",
					"@executable_path/Frameworks",
					"@loader_path/Frameworks",
				);
				PRODUCT_BUNDLE_IDENTIFIER = com.huanyu.li.UniversalAppUITests;
				PRODUCT_NAME = "$(TARGET_NAME)";
				TARGETED_DEVICE_FAMILY = "1,2";
				TEST_TARGET_NAME = UniversalApp;
			};
			name = Sit;
		};
		3D6C03EE21749C0300FB9672 /* Uat */ = {
			isa = XCBuildConfiguration;
			buildSettings = {
				ALWAYS_SEARCH_USER_PATHS = NO;
				CLANG_ANALYZER_LOCALIZABILITY_NONLOCALIZED = YES;
				CLANG_ANALYZER_NONNULL = YES;
				CLANG_ANALYZER_NUMBER_OBJECT_CONVERSION = YES_AGGRESSIVE;
				CLANG_CXX_LANGUAGE_STANDARD = "gnu++14";
				CLANG_CXX_LIBRARY = "libc++";
				CLANG_ENABLE_MODULES = YES;
				CLANG_ENABLE_OBJC_ARC = YES;
				CLANG_ENABLE_OBJC_WEAK = YES;
				CLANG_WARN_BLOCK_CAPTURE_AUTORELEASING = YES;
				CLANG_WARN_BOOL_CONVERSION = YES;
				CLANG_WARN_COMMA = YES;
				CLANG_WARN_CONSTANT_CONVERSION = YES;
				CLANG_WARN_DEPRECATED_OBJC_IMPLEMENTATIONS = YES;
				CLANG_WARN_DIRECT_OBJC_ISA_USAGE = YES_ERROR;
				CLANG_WARN_DOCUMENTATION_COMMENTS = YES;
				CLANG_WARN_EMPTY_BODY = YES;
				CLANG_WARN_ENUM_CONVERSION = YES;
				CLANG_WARN_INFINITE_RECURSION = YES;
				CLANG_WARN_INT_CONVERSION = YES;
				CLANG_WARN_NON_LITERAL_NULL_CONVERSION = YES;
				CLANG_WARN_OBJC_IMPLICIT_RETAIN_SELF = YES;
				CLANG_WARN_OBJC_LITERAL_CONVERSION = YES;
				CLANG_WARN_OBJC_ROOT_CLASS = YES_ERROR;
				CLANG_WARN_RANGE_LOOP_ANALYSIS = YES;
				CLANG_WARN_STRICT_PROTOTYPES = YES;
				CLANG_WARN_SUSPICIOUS_MOVE = YES;
				CLANG_WARN_UNGUARDED_AVAILABILITY = YES_AGGRESSIVE;
				CLANG_WARN_UNREACHABLE_CODE = YES;
				CLANG_WARN__DUPLICATE_METHOD_MATCH = YES;
				CODE_SIGN_IDENTITY = "iPhone Developer";
				COPY_PHASE_STRIP = NO;
				DEBUG_INFORMATION_FORMAT = dwarf;
				ENABLE_STRICT_OBJC_MSGSEND = YES;
				ENABLE_TESTABILITY = YES;
				GCC_C_LANGUAGE_STANDARD = gnu11;
				GCC_DYNAMIC_NO_PIC = NO;
				GCC_NO_COMMON_BLOCKS = YES;
				GCC_OPTIMIZATION_LEVEL = 0;
				GCC_PREPROCESSOR_DEFINITIONS = (
					"UAT=1",
					"DEBUG=1",
					"$(inherited)",
				);
				GCC_WARN_64_TO_32_BIT_CONVERSION = YES;
				GCC_WARN_ABOUT_RETURN_TYPE = YES_ERROR;
				GCC_WARN_UNDECLARED_SELECTOR = YES;
				GCC_WARN_UNINITIALIZED_AUTOS = YES_AGGRESSIVE;
				GCC_WARN_UNUSED_FUNCTION = YES;
				GCC_WARN_UNUSED_VARIABLE = YES;
				IPHONEOS_DEPLOYMENT_TARGET = 11.3;
				MTL_ENABLE_DEBUG_INFO = YES;
				ONLY_ACTIVE_ARCH = YES;
				SDKROOT = iphoneos;
			};
			name = Uat;
		};
		3D6C03EF21749C0300FB9672 /* Uat */ = {
			isa = XCBuildConfiguration;
			baseConfigurationReference = 31F8371F68896A3FC493131D /* Pods-UniversalApp.uat.xcconfig */;
			buildSettings = {
				APP_DISPLAY_NAME = UniversalApp_Uat;
				ASSETCATALOG_COMPILER_APPICON_NAME = AppIconUat;
				ASSETCATALOG_COMPILER_LAUNCHIMAGE_NAME = LaunchImage;
				CODE_SIGN_STYLE = Automatic;
				DEVELOPMENT_TEAM = 92CYHZVC4M;
				GCC_PRECOMPILE_PREFIX_HEADER = YES;
				GCC_PREFIX_HEADER = "$(SRCROOT)/UniversalApp/PrefixHeader.pch";
				INFOPLIST_FILE = UniversalApp/Info.plist;
				IPHONEOS_DEPLOYMENT_TARGET = 8.0;
				LD_RUNPATH_SEARCH_PATHS = (
					"$(inherited)",
					"@executable_path/Frameworks",
				);
				LIBRARY_SEARCH_PATHS = (
					"$(inherited)",
					"$(PROJECT_DIR)/UniversalApp/Vender/OpenInstallSDK2.2.0",
				);
				PRODUCT_BUNDLE_IDENTIFIER = com.huanyu.li.UniversalApp;
				PRODUCT_NAME = "$(TARGET_NAME)";
				TARGETED_DEVICE_FAMILY = 1;
			};
			name = Uat;
		};
		3D6C03F021749C0300FB9672 /* Uat */ = {
			isa = XCBuildConfiguration;
			baseConfigurationReference = 0FFF6491D2C97F0626182451 /* Pods-UniversalAppTests.uat.xcconfig */;
			buildSettings = {
				BUNDLE_LOADER = "$(TEST_HOST)";
				CODE_SIGN_STYLE = Automatic;
				INFOPLIST_FILE = UniversalAppTests/Info.plist;
				LD_RUNPATH_SEARCH_PATHS = (
					"$(inherited)",
					"@executable_path/Frameworks",
					"@loader_path/Frameworks",
				);
				PRODUCT_BUNDLE_IDENTIFIER = com.huanyu.li.UniversalAppTests;
				PRODUCT_NAME = "$(TARGET_NAME)";
				TARGETED_DEVICE_FAMILY = "1,2";
				TEST_HOST = "$(BUILT_PRODUCTS_DIR)/UniversalApp.app/UniversalApp";
			};
			name = Uat;
		};
		3D6C03F121749C0300FB9672 /* Uat */ = {
			isa = XCBuildConfiguration;
			baseConfigurationReference = 2F058948BB2F8ED19C0F9497 /* Pods-UniversalAppUITests.uat.xcconfig */;
			buildSettings = {
				CODE_SIGN_STYLE = Automatic;
				INFOPLIST_FILE = UniversalAppUITests/Info.plist;
				LD_RUNPATH_SEARCH_PATHS = (
					"$(inherited)",
					"@executable_path/Frameworks",
					"@loader_path/Frameworks",
				);
				PRODUCT_BUNDLE_IDENTIFIER = com.huanyu.li.UniversalAppUITests;
				PRODUCT_NAME = "$(TARGET_NAME)";
				TARGETED_DEVICE_FAMILY = "1,2";
				TEST_TARGET_NAME = UniversalApp;
			};
			name = Uat;
		};
		3D6C03FA21749CBE00FB9672 /* Dev */ = {
			isa = XCBuildConfiguration;
			buildSettings = {
				ALWAYS_SEARCH_USER_PATHS = NO;
				CLANG_ANALYZER_LOCALIZABILITY_NONLOCALIZED = YES;
				CLANG_ANALYZER_NONNULL = YES;
				CLANG_ANALYZER_NUMBER_OBJECT_CONVERSION = YES_AGGRESSIVE;
				CLANG_CXX_LANGUAGE_STANDARD = "gnu++14";
				CLANG_CXX_LIBRARY = "libc++";
				CLANG_ENABLE_MODULES = YES;
				CLANG_ENABLE_OBJC_ARC = YES;
				CLANG_ENABLE_OBJC_WEAK = YES;
				CLANG_WARN_BLOCK_CAPTURE_AUTORELEASING = YES;
				CLANG_WARN_BOOL_CONVERSION = YES;
				CLANG_WARN_COMMA = YES;
				CLANG_WARN_CONSTANT_CONVERSION = YES;
				CLANG_WARN_DEPRECATED_OBJC_IMPLEMENTATIONS = YES;
				CLANG_WARN_DIRECT_OBJC_ISA_USAGE = YES_ERROR;
				CLANG_WARN_DOCUMENTATION_COMMENTS = YES;
				CLANG_WARN_EMPTY_BODY = YES;
				CLANG_WARN_ENUM_CONVERSION = YES;
				CLANG_WARN_INFINITE_RECURSION = YES;
				CLANG_WARN_INT_CONVERSION = YES;
				CLANG_WARN_NON_LITERAL_NULL_CONVERSION = YES;
				CLANG_WARN_OBJC_IMPLICIT_RETAIN_SELF = YES;
				CLANG_WARN_OBJC_LITERAL_CONVERSION = YES;
				CLANG_WARN_OBJC_ROOT_CLASS = YES_ERROR;
				CLANG_WARN_RANGE_LOOP_ANALYSIS = YES;
				CLANG_WARN_STRICT_PROTOTYPES = YES;
				CLANG_WARN_SUSPICIOUS_MOVE = YES;
				CLANG_WARN_UNGUARDED_AVAILABILITY = YES_AGGRESSIVE;
				CLANG_WARN_UNREACHABLE_CODE = YES;
				CLANG_WARN__DUPLICATE_METHOD_MATCH = YES;
				CODE_SIGN_IDENTITY = "iPhone Developer";
				COPY_PHASE_STRIP = NO;
				DEBUG_INFORMATION_FORMAT = dwarf;
				ENABLE_STRICT_OBJC_MSGSEND = YES;
				ENABLE_TESTABILITY = YES;
				GCC_C_LANGUAGE_STANDARD = gnu11;
				GCC_DYNAMIC_NO_PIC = NO;
				GCC_NO_COMMON_BLOCKS = YES;
				GCC_OPTIMIZATION_LEVEL = 0;
				GCC_PREPROCESSOR_DEFINITIONS = (
					"DEV=1",
					"DEBUG=1",
					"$(inherited)",
				);
				GCC_WARN_64_TO_32_BIT_CONVERSION = YES;
				GCC_WARN_ABOUT_RETURN_TYPE = YES_ERROR;
				GCC_WARN_UNDECLARED_SELECTOR = YES;
				GCC_WARN_UNINITIALIZED_AUTOS = YES_AGGRESSIVE;
				GCC_WARN_UNUSED_FUNCTION = YES;
				GCC_WARN_UNUSED_VARIABLE = YES;
				IPHONEOS_DEPLOYMENT_TARGET = 11.3;
				MTL_ENABLE_DEBUG_INFO = YES;
				ONLY_ACTIVE_ARCH = YES;
				SDKROOT = iphoneos;
			};
			name = Dev;
		};
		3D6C03FB21749CBE00FB9672 /* Dev */ = {
			isa = XCBuildConfiguration;
			baseConfigurationReference = 461DB11EE24A791480763032 /* Pods-UniversalApp.dev.xcconfig */;
			buildSettings = {
				APP_DISPLAY_NAME = UniversalApp_Dev;
				ASSETCATALOG_COMPILER_APPICON_NAME = AppIconDev;
				ASSETCATALOG_COMPILER_LAUNCHIMAGE_NAME = LaunchImage;
				CODE_SIGN_STYLE = Automatic;
				DEVELOPMENT_TEAM = 92CYHZVC4M;
				GCC_PRECOMPILE_PREFIX_HEADER = YES;
				GCC_PREFIX_HEADER = "$(SRCROOT)/UniversalApp/PrefixHeader.pch";
				INFOPLIST_FILE = UniversalApp/Info.plist;
				IPHONEOS_DEPLOYMENT_TARGET = 8.0;
				LD_RUNPATH_SEARCH_PATHS = (
					"$(inherited)",
					"@executable_path/Frameworks",
				);
				LIBRARY_SEARCH_PATHS = (
					"$(inherited)",
					"$(PROJECT_DIR)/UniversalApp/Vender/OpenInstallSDK2.2.0",
				);
				PRODUCT_BUNDLE_IDENTIFIER = com.huanyu.li.UniversalApp;
				PRODUCT_NAME = "$(TARGET_NAME)";
				TARGETED_DEVICE_FAMILY = 1;
			};
			name = Dev;
		};
		3D6C03FC21749CBE00FB9672 /* Dev */ = {
			isa = XCBuildConfiguration;
			baseConfigurationReference = C88A913B462EFBFE7833C24D /* Pods-UniversalAppTests.dev.xcconfig */;
			buildSettings = {
				BUNDLE_LOADER = "$(TEST_HOST)";
				CODE_SIGN_STYLE = Automatic;
				INFOPLIST_FILE = UniversalAppTests/Info.plist;
				LD_RUNPATH_SEARCH_PATHS = (
					"$(inherited)",
					"@executable_path/Frameworks",
					"@loader_path/Frameworks",
				);
				PRODUCT_BUNDLE_IDENTIFIER = com.huanyu.li.UniversalAppTests;
				PRODUCT_NAME = "$(TARGET_NAME)";
				TARGETED_DEVICE_FAMILY = "1,2";
				TEST_HOST = "$(BUILT_PRODUCTS_DIR)/UniversalApp.app/UniversalApp";
			};
			name = Dev;
		};
		3D6C03FD21749CBE00FB9672 /* Dev */ = {
			isa = XCBuildConfiguration;
			baseConfigurationReference = ED5E6A60AFAB85BBD05C0740 /* Pods-UniversalAppUITests.dev.xcconfig */;
			buildSettings = {
				CODE_SIGN_STYLE = Automatic;
				INFOPLIST_FILE = UniversalAppUITests/Info.plist;
				LD_RUNPATH_SEARCH_PATHS = (
					"$(inherited)",
					"@executable_path/Frameworks",
					"@loader_path/Frameworks",
				);
				PRODUCT_BUNDLE_IDENTIFIER = com.huanyu.li.UniversalAppUITests;
				PRODUCT_NAME = "$(TARGET_NAME)";
				TARGETED_DEVICE_FAMILY = "1,2";
				TEST_TARGET_NAME = UniversalApp;
			};
			name = Dev;
		};
		3DCC9F3820B006F100CD476A /* Debug */ = {
			isa = XCBuildConfiguration;
			buildSettings = {
				ALWAYS_SEARCH_USER_PATHS = NO;
				ASSETCATALOG_COMPILER_APPICON_NAME = "";
				CLANG_ANALYZER_LOCALIZABILITY_NONLOCALIZED = YES;
				CLANG_ANALYZER_NONNULL = YES;
				CLANG_ANALYZER_NUMBER_OBJECT_CONVERSION = YES_AGGRESSIVE;
				CLANG_CXX_LANGUAGE_STANDARD = "gnu++14";
				CLANG_CXX_LIBRARY = "libc++";
				CLANG_ENABLE_MODULES = YES;
				CLANG_ENABLE_OBJC_ARC = YES;
				CLANG_ENABLE_OBJC_WEAK = YES;
				CLANG_WARN_BLOCK_CAPTURE_AUTORELEASING = YES;
				CLANG_WARN_BOOL_CONVERSION = YES;
				CLANG_WARN_COMMA = YES;
				CLANG_WARN_CONSTANT_CONVERSION = YES;
				CLANG_WARN_DEPRECATED_OBJC_IMPLEMENTATIONS = YES;
				CLANG_WARN_DIRECT_OBJC_ISA_USAGE = YES_ERROR;
				CLANG_WARN_DOCUMENTATION_COMMENTS = YES;
				CLANG_WARN_EMPTY_BODY = YES;
				CLANG_WARN_ENUM_CONVERSION = YES;
				CLANG_WARN_INFINITE_RECURSION = YES;
				CLANG_WARN_INT_CONVERSION = YES;
				CLANG_WARN_NON_LITERAL_NULL_CONVERSION = YES;
				CLANG_WARN_OBJC_IMPLICIT_RETAIN_SELF = YES;
				CLANG_WARN_OBJC_LITERAL_CONVERSION = YES;
				CLANG_WARN_OBJC_ROOT_CLASS = YES_ERROR;
				CLANG_WARN_RANGE_LOOP_ANALYSIS = YES;
				CLANG_WARN_STRICT_PROTOTYPES = YES;
				CLANG_WARN_SUSPICIOUS_MOVE = YES;
				CLANG_WARN_UNGUARDED_AVAILABILITY = YES_AGGRESSIVE;
				CLANG_WARN_UNREACHABLE_CODE = YES;
				CLANG_WARN__DUPLICATE_METHOD_MATCH = YES;
				CODE_SIGN_IDENTITY = "iPhone Developer";
				COPY_PHASE_STRIP = NO;
				DEBUG_INFORMATION_FORMAT = dwarf;
				ENABLE_STRICT_OBJC_MSGSEND = YES;
				ENABLE_TESTABILITY = YES;
				GCC_C_LANGUAGE_STANDARD = gnu11;
				GCC_DYNAMIC_NO_PIC = NO;
				GCC_NO_COMMON_BLOCKS = YES;
				GCC_OPTIMIZATION_LEVEL = 0;
				GCC_PREPROCESSOR_DEFINITIONS = (
					"DEBUG=1",
					"$(inherited)",
				);
				GCC_WARN_64_TO_32_BIT_CONVERSION = YES;
				GCC_WARN_ABOUT_RETURN_TYPE = YES_ERROR;
				GCC_WARN_UNDECLARED_SELECTOR = YES;
				GCC_WARN_UNINITIALIZED_AUTOS = YES_AGGRESSIVE;
				GCC_WARN_UNUSED_FUNCTION = YES;
				GCC_WARN_UNUSED_VARIABLE = YES;
				IPHONEOS_DEPLOYMENT_TARGET = 11.3;
				MTL_ENABLE_DEBUG_INFO = YES;
				ONLY_ACTIVE_ARCH = YES;
				SDKROOT = iphoneos;
			};
			name = Debug;
		};
		3DCC9F3920B006F100CD476A /* Release */ = {
			isa = XCBuildConfiguration;
			buildSettings = {
				ALWAYS_SEARCH_USER_PATHS = NO;
				CLANG_ANALYZER_LOCALIZABILITY_NONLOCALIZED = YES;
				CLANG_ANALYZER_NONNULL = YES;
				CLANG_ANALYZER_NUMBER_OBJECT_CONVERSION = YES_AGGRESSIVE;
				CLANG_CXX_LANGUAGE_STANDARD = "gnu++14";
				CLANG_CXX_LIBRARY = "libc++";
				CLANG_ENABLE_MODULES = YES;
				CLANG_ENABLE_OBJC_ARC = YES;
				CLANG_ENABLE_OBJC_WEAK = YES;
				CLANG_WARN_BLOCK_CAPTURE_AUTORELEASING = YES;
				CLANG_WARN_BOOL_CONVERSION = YES;
				CLANG_WARN_COMMA = YES;
				CLANG_WARN_CONSTANT_CONVERSION = YES;
				CLANG_WARN_DEPRECATED_OBJC_IMPLEMENTATIONS = YES;
				CLANG_WARN_DIRECT_OBJC_ISA_USAGE = YES_ERROR;
				CLANG_WARN_DOCUMENTATION_COMMENTS = YES;
				CLANG_WARN_EMPTY_BODY = YES;
				CLANG_WARN_ENUM_CONVERSION = YES;
				CLANG_WARN_INFINITE_RECURSION = YES;
				CLANG_WARN_INT_CONVERSION = YES;
				CLANG_WARN_NON_LITERAL_NULL_CONVERSION = YES;
				CLANG_WARN_OBJC_IMPLICIT_RETAIN_SELF = YES;
				CLANG_WARN_OBJC_LITERAL_CONVERSION = YES;
				CLANG_WARN_OBJC_ROOT_CLASS = YES_ERROR;
				CLANG_WARN_RANGE_LOOP_ANALYSIS = YES;
				CLANG_WARN_STRICT_PROTOTYPES = YES;
				CLANG_WARN_SUSPICIOUS_MOVE = YES;
				CLANG_WARN_UNGUARDED_AVAILABILITY = YES_AGGRESSIVE;
				CLANG_WARN_UNREACHABLE_CODE = YES;
				CLANG_WARN__DUPLICATE_METHOD_MATCH = YES;
				CODE_SIGN_IDENTITY = "iPhone Developer";
				COPY_PHASE_STRIP = NO;
				DEBUG_INFORMATION_FORMAT = "dwarf-with-dsym";
				ENABLE_NS_ASSERTIONS = NO;
				ENABLE_STRICT_OBJC_MSGSEND = YES;
				GCC_C_LANGUAGE_STANDARD = gnu11;
				GCC_NO_COMMON_BLOCKS = YES;
				GCC_WARN_64_TO_32_BIT_CONVERSION = YES;
				GCC_WARN_ABOUT_RETURN_TYPE = YES_ERROR;
				GCC_WARN_UNDECLARED_SELECTOR = YES;
				GCC_WARN_UNINITIALIZED_AUTOS = YES_AGGRESSIVE;
				GCC_WARN_UNUSED_FUNCTION = YES;
				GCC_WARN_UNUSED_VARIABLE = YES;
				IPHONEOS_DEPLOYMENT_TARGET = 11.3;
				MTL_ENABLE_DEBUG_INFO = NO;
				SDKROOT = iphoneos;
				VALIDATE_PRODUCT = YES;
			};
			name = Release;
		};
		3DCC9F3B20B006F100CD476A /* Debug */ = {
			isa = XCBuildConfiguration;
			baseConfigurationReference = D3DFBE58E24558FA94B0A339 /* Pods-UniversalApp.debug.xcconfig */;
			buildSettings = {
				APP_DISPLAY_NAME = UniversalApp_Debug;
				ASSETCATALOG_COMPILER_APPICON_NAME = AppIcon;
				ASSETCATALOG_COMPILER_LAUNCHIMAGE_NAME = LaunchImage;
				CODE_SIGN_STYLE = Automatic;
				DEVELOPMENT_TEAM = 92CYHZVC4M;
				GCC_PRECOMPILE_PREFIX_HEADER = YES;
				GCC_PREFIX_HEADER = "$(SRCROOT)/UniversalApp/PrefixHeader.pch";
				INFOPLIST_FILE = UniversalApp/Info.plist;
				IPHONEOS_DEPLOYMENT_TARGET = 8.0;
				LD_RUNPATH_SEARCH_PATHS = (
					"$(inherited)",
					"@executable_path/Frameworks",
				);
				LIBRARY_SEARCH_PATHS = (
					"$(inherited)",
					"$(PROJECT_DIR)/UniversalApp/Vender/OpenInstallSDK2.2.0",
				);
				PRODUCT_BUNDLE_IDENTIFIER = com.huanyu.li.UniversalApp;
				PRODUCT_NAME = "$(TARGET_NAME)";
				TARGETED_DEVICE_FAMILY = 1;
			};
			name = Debug;
		};
		3DCC9F3C20B006F100CD476A /* Release */ = {
			isa = XCBuildConfiguration;
			baseConfigurationReference = 1EE9DEC4E119EB53B93D5546 /* Pods-UniversalApp.release.xcconfig */;
			buildSettings = {
				APP_DISPLAY_NAME = UniversalApp;
				ASSETCATALOG_COMPILER_APPICON_NAME = AppIcon;
				ASSETCATALOG_COMPILER_LAUNCHIMAGE_NAME = LaunchImage;
				CODE_SIGN_STYLE = Automatic;
				DEVELOPMENT_TEAM = 92CYHZVC4M;
				GCC_PRECOMPILE_PREFIX_HEADER = YES;
				GCC_PREFIX_HEADER = "$(SRCROOT)/UniversalApp/PrefixHeader.pch";
				INFOPLIST_FILE = UniversalApp/Info.plist;
				IPHONEOS_DEPLOYMENT_TARGET = 8.0;
				LD_RUNPATH_SEARCH_PATHS = (
					"$(inherited)",
					"@executable_path/Frameworks",
				);
				LIBRARY_SEARCH_PATHS = (
					"$(inherited)",
					"$(PROJECT_DIR)/UniversalApp/Vender/OpenInstallSDK2.2.0",
				);
				PRODUCT_BUNDLE_IDENTIFIER = com.huanyu.li.UniversalApp;
				PRODUCT_NAME = "$(TARGET_NAME)";
				TARGETED_DEVICE_FAMILY = 1;
			};
			name = Release;
		};
		3DCC9F3E20B006F100CD476A /* Debug */ = {
			isa = XCBuildConfiguration;
			baseConfigurationReference = DCF200C3C30EDC931CB7D4CD /* Pods-UniversalAppTests.debug.xcconfig */;
			buildSettings = {
				BUNDLE_LOADER = "$(TEST_HOST)";
				CODE_SIGN_STYLE = Automatic;
				INFOPLIST_FILE = UniversalAppTests/Info.plist;
				LD_RUNPATH_SEARCH_PATHS = (
					"$(inherited)",
					"@executable_path/Frameworks",
					"@loader_path/Frameworks",
				);
				PRODUCT_BUNDLE_IDENTIFIER = com.huanyu.li.UniversalAppTests;
				PRODUCT_NAME = "$(TARGET_NAME)";
				TARGETED_DEVICE_FAMILY = "1,2";
				TEST_HOST = "$(BUILT_PRODUCTS_DIR)/UniversalApp.app/UniversalApp";
			};
			name = Debug;
		};
		3DCC9F3F20B006F100CD476A /* Release */ = {
			isa = XCBuildConfiguration;
			baseConfigurationReference = 1324858852C8C17130C67907 /* Pods-UniversalAppTests.release.xcconfig */;
			buildSettings = {
				BUNDLE_LOADER = "$(TEST_HOST)";
				CODE_SIGN_STYLE = Automatic;
				INFOPLIST_FILE = UniversalAppTests/Info.plist;
				LD_RUNPATH_SEARCH_PATHS = (
					"$(inherited)",
					"@executable_path/Frameworks",
					"@loader_path/Frameworks",
				);
				PRODUCT_BUNDLE_IDENTIFIER = com.huanyu.li.UniversalAppTests;
				PRODUCT_NAME = "$(TARGET_NAME)";
				TARGETED_DEVICE_FAMILY = "1,2";
				TEST_HOST = "$(BUILT_PRODUCTS_DIR)/UniversalApp.app/UniversalApp";
			};
			name = Release;
		};
		3DCC9F4120B006F100CD476A /* Debug */ = {
			isa = XCBuildConfiguration;
			baseConfigurationReference = C92C279DCD6507F74C2F880F /* Pods-UniversalAppUITests.debug.xcconfig */;
			buildSettings = {
				CODE_SIGN_STYLE = Automatic;
				INFOPLIST_FILE = UniversalAppUITests/Info.plist;
				LD_RUNPATH_SEARCH_PATHS = (
					"$(inherited)",
					"@executable_path/Frameworks",
					"@loader_path/Frameworks",
				);
				PRODUCT_BUNDLE_IDENTIFIER = com.huanyu.li.UniversalAppUITests;
				PRODUCT_NAME = "$(TARGET_NAME)";
				TARGETED_DEVICE_FAMILY = "1,2";
				TEST_TARGET_NAME = UniversalApp;
			};
			name = Debug;
		};
		3DCC9F4220B006F100CD476A /* Release */ = {
			isa = XCBuildConfiguration;
			baseConfigurationReference = A244D68607808162F3309FE0 /* Pods-UniversalAppUITests.release.xcconfig */;
			buildSettings = {
				CODE_SIGN_STYLE = Automatic;
				INFOPLIST_FILE = UniversalAppUITests/Info.plist;
				LD_RUNPATH_SEARCH_PATHS = (
					"$(inherited)",
					"@executable_path/Frameworks",
					"@loader_path/Frameworks",
				);
				PRODUCT_BUNDLE_IDENTIFIER = com.huanyu.li.UniversalAppUITests;
				PRODUCT_NAME = "$(TARGET_NAME)";
				TARGETED_DEVICE_FAMILY = "1,2";
				TEST_TARGET_NAME = UniversalApp;
			};
			name = Release;
		};
/* End XCBuildConfiguration section */

/* Begin XCConfigurationList section */
		3DCC9F0920B006EF00CD476A /* Build configuration list for PBXProject "UniversalApp" */ = {
			isa = XCConfigurationList;
			buildConfigurations = (
				3DCC9F3820B006F100CD476A /* Debug */,
				3D6C03FA21749CBE00FB9672 /* Dev */,
				3D6C03E621748C2B00FB9672 /* Sit */,
				3D6C03EE21749C0300FB9672 /* Uat */,
				3DCC9F3920B006F100CD476A /* Release */,
			);
			defaultConfigurationIsVisible = 0;
			defaultConfigurationName = Release;
		};
		3DCC9F3A20B006F100CD476A /* Build configuration list for PBXNativeTarget "UniversalApp" */ = {
			isa = XCConfigurationList;
			buildConfigurations = (
				3DCC9F3B20B006F100CD476A /* Debug */,
				3D6C03FB21749CBE00FB9672 /* Dev */,
				3D6C03E721748C2B00FB9672 /* Sit */,
				3D6C03EF21749C0300FB9672 /* Uat */,
				3DCC9F3C20B006F100CD476A /* Release */,
			);
			defaultConfigurationIsVisible = 0;
			defaultConfigurationName = Release;
		};
		3DCC9F3D20B006F100CD476A /* Build configuration list for PBXNativeTarget "UniversalAppTests" */ = {
			isa = XCConfigurationList;
			buildConfigurations = (
				3DCC9F3E20B006F100CD476A /* Debug */,
				3D6C03FC21749CBE00FB9672 /* Dev */,
				3D6C03E821748C2B00FB9672 /* Sit */,
				3D6C03F021749C0300FB9672 /* Uat */,
				3DCC9F3F20B006F100CD476A /* Release */,
			);
			defaultConfigurationIsVisible = 0;
			defaultConfigurationName = Release;
		};
		3DCC9F4020B006F100CD476A /* Build configuration list for PBXNativeTarget "UniversalAppUITests" */ = {
			isa = XCConfigurationList;
			buildConfigurations = (
				3DCC9F4120B006F100CD476A /* Debug */,
				3D6C03FD21749CBE00FB9672 /* Dev */,
				3D6C03E921748C2B00FB9672 /* Sit */,
				3D6C03F121749C0300FB9672 /* Uat */,
				3DCC9F4220B006F100CD476A /* Release */,
			);
			defaultConfigurationIsVisible = 0;
			defaultConfigurationName = Release;
		};
/* End XCConfigurationList section */
	};
	rootObject = 3DCC9F0620B006EF00CD476A /* Project object */;
}
